{
  "version": 1,
  "dependencies": {
    "net9.0": {
      "CSharpier.MsBuild": {
        "type": "Direct",
        "requested": "[0.29.2, )",
        "resolved": "0.29.2",
        "contentHash": "Pa7xUpo9Z6qWUTk+gAN1sRlEVqG/tgqK6+OvE/JXUfL3m1euNw5/RGj3bdQF/EyagSTyLDpqi0I8xRi1jzGq3A=="
      },
      "Serilog": {
        "type": "Direct",
        "requested": "[4.3.0, )",
        "resolved": "4.3.0",
        "contentHash": "+cDryFR0GRhsGOnZSKwaDzRRl4MupvJ42FhCE4zhQRVanX0Jpg6WuCBk59OVhVDPmab1bB+nRykAnykYELA9qQ=="
      }
    }
  }
}