{
  "version": 1,
  "dependencies": {
    "net9.0": {
      "CSharpier.MsBuild": {
        "type": "Direct",
        "requested": "[1.0.3, )",
        "resolved": "1.0.3",
        "contentHash": "Bc7EQC/20z0GO3iN9u/pa5ku7jjzCldzfCn52SDxM6r8+dqeqrQVyOh3Ydy8nU4Gei2CKieQQ6SL4nxHSHIxBw=="
      },
      "Serilog": {
        "type": "Direct",
        "requested": "[4.3.0, )",
        "resolved": "4.3.0",
        "contentHash": "+cDryFR0GRhsGOnZSKwaDzRRl4MupvJ42FhCE4zhQRVanX0Jpg6WuCBk59OVhVDPmab1bB+nRykAnykYELA9qQ=="
      }
    }
  }
}