{
  "version": 1,
  "dependencies": {
    "net9.0": {
      "CSharpier.MsBuild": {
        "type": "Direct",
        "requested": "[1.1.1, )",
        "resolved": "1.1.1",
        "contentHash": "XXfwF9m9c/TSKsqOqZjn6aNAmzx/mkVcZfORpWfZVr/GJ8p5FhPlUhgh8bLHTcJ5rei63tQxlW0fG/l0nZk7IQ=="
      },
      "Serilog": {
        "type": "Direct",
        "requested": "[4.3.0, )",
        "resolved": "4.3.0",
        "contentHash": "+cDryFR0GRhsGOnZSKwaDzRRl4MupvJ42FhCE4zhQRVanX0Jpg6WuCBk59OVhVDPmab1bB+nRykAnykYELA9qQ=="
      }
    }
  }
}