
Microsoft Visual Studio Solution File, Format Version 12.00
# Visual Studio Version 16
VisualStudioVersion = 16.0.29319.158
MinimumVisualStudioVersion = 10.0.40219.1
Project("{9A19103F-16F7-4668-BE54-9A1E7A4F7556}") = "Domain", "src\Domain\Domain.csproj", "{C7E89A3E-A631-4760-8D61-BD1EAB1C4E69}"
EndProject
Project("{9A19103F-16F7-4668-BE54-9A1E7A4F7556}") = "Application", "src\Application\Application.csproj", "{34C0FACD-F3D9-400C-8945-554DD6B0819A}"
EndProject
Project("{2150E333-8FDC-42A3-9474-1A3956D46DE8}") = "Core", "Core", "{6ED356A7-8B47-4613-AD01-C85CF28491BD}"
EndProject
Project("{2150E333-8FDC-42A3-9474-1A3956D46DE8}") = "tests", "tests", "{664D406C-2F83-48F0-BFC3-408D5CB53C65}"
EndProject
Project("{9A19103F-16F7-4668-BE54-9A1E7A4F7556}") = "Application.UnitTests", "tests\Application.UnitTests\Application.UnitTests.csproj", "{DEFF4009-1FAB-4392-80B6-707E2DC5C00B}"
EndProject
Project("{9A19103F-16F7-4668-BE54-9A1E7A4F7556}") = "Domain.UnitTests", "tests\Domain.UnitTests\Domain.UnitTests.csproj", "{DC37FD87-552C-4613-9F16-1537CA522898}"
EndProject
Project("{9A19103F-16F7-4668-BE54-9A1E7A4F7556}") = "Application.IntegrationTests", "tests\Applicaton.IntegrationTests\Application.IntegrationTests.csproj", "{4FF7E541-E4BA-4FF4-BE25-EC907D92BDA8}"
EndProject
Project("{9A19103F-16F7-4668-BE54-9A1E7A4F7556}") = "WebAPI", "src\WebAPI\WebAPI.csproj", "{1D811D12-E2B0-41F0-9C95-EDF06E4904F0}"
EndProject
Project("{E53339B2-1760-4266-BCC7-CA923CBCF16C}") = "docker-compose", "docker-compose.dcproj", "{935CDCB2-099E-41A5-B585-707D42DBCE1E}"
EndProject
Project("{9A19103F-16F7-4668-BE54-9A1E7A4F7556}") = "DownloadManager", "src\DownloadManager\DownloadManager.csproj", "{D177FCBC-E029-42CD-96AC-182C2DC95BFD}"
EndProject
Project("{2150E333-8FDC-42A3-9474-1A3956D46DE8}") = "Infrastructure", "Infrastructure", "{B5FA026C-E81F-40B9-84FA-E74F5BD2FBD7}"
EndProject
Project("{9A19103F-16F7-4668-BE54-9A1E7A4F7556}") = "Settings", "src\Settings\Settings.csproj", "{0850F917-C0C1-47F9-BD2D-D50F22AE0ABB}"
EndProject
Project("{9A19103F-16F7-4668-BE54-9A1E7A4F7556}") = "Settings.UnitTests", "tests\Settings.UnitTests\Settings.UnitTests.csproj", "{3A0351BE-B85A-4EDE-95ED-3E1DCEFB9171}"
EndProject
Project("{9A19103F-16F7-4668-BE54-9A1E7A4F7556}") = "PlexApi", "src\PlexApi\PlexApi.csproj", "{A143C6A7-68B0-4C85-8856-F11B1A1B8789}"
EndProject
Project("{2150E333-8FDC-42A3-9474-1A3956D46DE8}") = "Presentation", "Presentation", "{3A45E7B9-88B6-41B4-BC14-1814F17ABCB7}"
EndProject
Project("{9A19103F-16F7-4668-BE54-9A1E7A4F7556}") = "PlexApi.UnitTests", "tests\PlexApi.UnitTests\PlexApi.UnitTests.csproj", "{F73B439B-9DD6-4958-8D86-FBC8CFCB1799}"
EndProject
Project("{9A19103F-16F7-4668-BE54-9A1E7A4F7556}") = "BaseTests", "tests\BaseTests\BaseTests.csproj", "{AEBDD5D0-B66A-487B-A5D7-15432164907E}"
EndProject
Project("{2150E333-8FDC-42A3-9474-1A3956D46DE8}") = "Base", "Base", "{033AA8B6-0752-4E0F-80A2-FC46A0D88354}"
EndProject
Project("{9A19103F-16F7-4668-BE54-9A1E7A4F7556}") = "Data", "src\Data\Data.csproj", "{92810180-C144-4D76-BB6B-B02134CA2C39}"
EndProject
Project("{9A19103F-16F7-4668-BE54-9A1E7A4F7556}") = "FileSystem", "src\FileSystem\FileSystem.csproj", "{E19F855E-B9CC-4A8D-982E-6BCCE0A58348}"
EndProject
Project("{9A19103F-16F7-4668-BE54-9A1E7A4F7556}") = "DownloadManager.UnitTests", "tests\DownloadManager.UnitTests\DownloadManager.UnitTests.csproj", "{E0E9AA81-AF60-4019-9AB8-811AFC39DE24}"
EndProject
Project("{2150E333-8FDC-42A3-9474-1A3956D46DE8}") = "Solution Items", "Solution Items", "{B5DD9F30-A643-4E3C-B375-5EBF2FB2CBAC}"
	ProjectSection(SolutionItems) = preProject
		.editorconfig = .editorconfig
	EndProjectSection
EndProject
Project("{9A19103F-16F7-4668-BE54-9A1E7A4F7556}") = "Data.UnitTests", "tests\Data.UnitTests\Data.UnitTests.csproj", "{18A93138-6F01-4934-8402-88A99778BFA8}"
EndProject
Project("{FAE04EC0-301F-11D3-BF4B-00C04F79EFBC}") = "HttpClient", "HttpClient\HttpClient.csproj", "{DDBB6CA7-3686-4CAD-B525-EBD965E6A05C}"
EndProject
Global
	GlobalSection(SolutionConfigurationPlatforms) = preSolution
		Debug|Any CPU = Debug|Any CPU
		Release|Any CPU = Release|Any CPU
	EndGlobalSection
	GlobalSection(ProjectConfigurationPlatforms) = postSolution
		{C7E89A3E-A631-4760-8D61-BD1EAB1C4E69}.Debug|Any CPU.ActiveCfg = Debug|Any CPU
		{C7E89A3E-A631-4760-8D61-BD1EAB1C4E69}.Debug|Any CPU.Build.0 = Debug|Any CPU
		{C7E89A3E-A631-4760-8D61-BD1EAB1C4E69}.Release|Any CPU.ActiveCfg = Release|Any CPU
		{C7E89A3E-A631-4760-8D61-BD1EAB1C4E69}.Release|Any CPU.Build.0 = Release|Any CPU
		{34C0FACD-F3D9-400C-8945-554DD6B0819A}.Debug|Any CPU.ActiveCfg = Debug|Any CPU
		{34C0FACD-F3D9-400C-8945-554DD6B0819A}.Debug|Any CPU.Build.0 = Debug|Any CPU
		{34C0FACD-F3D9-400C-8945-554DD6B0819A}.Release|Any CPU.ActiveCfg = Release|Any CPU
		{34C0FACD-F3D9-400C-8945-554DD6B0819A}.Release|Any CPU.Build.0 = Release|Any CPU
		{DEFF4009-1FAB-4392-80B6-707E2DC5C00B}.Debug|Any CPU.ActiveCfg = Debug|Any CPU
		{DEFF4009-1FAB-4392-80B6-707E2DC5C00B}.Debug|Any CPU.Build.0 = Debug|Any CPU
		{DEFF4009-1FAB-4392-80B6-707E2DC5C00B}.Release|Any CPU.ActiveCfg = Release|Any CPU
		{DEFF4009-1FAB-4392-80B6-707E2DC5C00B}.Release|Any CPU.Build.0 = Release|Any CPU
		{DC37FD87-552C-4613-9F16-1537CA522898}.Debug|Any CPU.ActiveCfg = Debug|Any CPU
		{DC37FD87-552C-4613-9F16-1537CA522898}.Debug|Any CPU.Build.0 = Debug|Any CPU
		{DC37FD87-552C-4613-9F16-1537CA522898}.Release|Any CPU.ActiveCfg = Release|Any CPU
		{DC37FD87-552C-4613-9F16-1537CA522898}.Release|Any CPU.Build.0 = Release|Any CPU
		{4FF7E541-E4BA-4FF4-BE25-EC907D92BDA8}.Debug|Any CPU.ActiveCfg = Debug|Any CPU
		{4FF7E541-E4BA-4FF4-BE25-EC907D92BDA8}.Debug|Any CPU.Build.0 = Debug|Any CPU
		{4FF7E541-E4BA-4FF4-BE25-EC907D92BDA8}.Release|Any CPU.ActiveCfg = Release|Any CPU
		{4FF7E541-E4BA-4FF4-BE25-EC907D92BDA8}.Release|Any CPU.Build.0 = Release|Any CPU
		{1D811D12-E2B0-41F0-9C95-EDF06E4904F0}.Debug|Any CPU.ActiveCfg = Debug|Any CPU
		{1D811D12-E2B0-41F0-9C95-EDF06E4904F0}.Debug|Any CPU.Build.0 = Debug|Any CPU
		{1D811D12-E2B0-41F0-9C95-EDF06E4904F0}.Release|Any CPU.ActiveCfg = Release|Any CPU
		{1D811D12-E2B0-41F0-9C95-EDF06E4904F0}.Release|Any CPU.Build.0 = Release|Any CPU
		{935CDCB2-099E-41A5-B585-707D42DBCE1E}.Debug|Any CPU.ActiveCfg = Debug|Any CPU
		{935CDCB2-099E-41A5-B585-707D42DBCE1E}.Debug|Any CPU.Build.0 = Debug|Any CPU
		{935CDCB2-099E-41A5-B585-707D42DBCE1E}.Release|Any CPU.ActiveCfg = Release|Any CPU
		{935CDCB2-099E-41A5-B585-707D42DBCE1E}.Release|Any CPU.Build.0 = Release|Any CPU
		{D177FCBC-E029-42CD-96AC-182C2DC95BFD}.Debug|Any CPU.ActiveCfg = Debug|Any CPU
		{D177FCBC-E029-42CD-96AC-182C2DC95BFD}.Debug|Any CPU.Build.0 = Debug|Any CPU
		{D177FCBC-E029-42CD-96AC-182C2DC95BFD}.Release|Any CPU.ActiveCfg = Release|Any CPU
		{D177FCBC-E029-42CD-96AC-182C2DC95BFD}.Release|Any CPU.Build.0 = Release|Any CPU
		{0850F917-C0C1-47F9-BD2D-D50F22AE0ABB}.Debug|Any CPU.ActiveCfg = Debug|Any CPU
		{0850F917-C0C1-47F9-BD2D-D50F22AE0ABB}.Debug|Any CPU.Build.0 = Debug|Any CPU
		{0850F917-C0C1-47F9-BD2D-D50F22AE0ABB}.Release|Any CPU.ActiveCfg = Release|Any CPU
		{0850F917-C0C1-47F9-BD2D-D50F22AE0ABB}.Release|Any CPU.Build.0 = Release|Any CPU
		{3A0351BE-B85A-4EDE-95ED-3E1DCEFB9171}.Debug|Any CPU.ActiveCfg = Debug|Any CPU
		{3A0351BE-B85A-4EDE-95ED-3E1DCEFB9171}.Debug|Any CPU.Build.0 = Debug|Any CPU
		{3A0351BE-B85A-4EDE-95ED-3E1DCEFB9171}.Release|Any CPU.ActiveCfg = Release|Any CPU
		{3A0351BE-B85A-4EDE-95ED-3E1DCEFB9171}.Release|Any CPU.Build.0 = Release|Any CPU
		{A143C6A7-68B0-4C85-8856-F11B1A1B8789}.Debug|Any CPU.ActiveCfg = Debug|Any CPU
		{A143C6A7-68B0-4C85-8856-F11B1A1B8789}.Debug|Any CPU.Build.0 = Debug|Any CPU
		{A143C6A7-68B0-4C85-8856-F11B1A1B8789}.Release|Any CPU.ActiveCfg = Release|Any CPU
		{A143C6A7-68B0-4C85-8856-F11B1A1B8789}.Release|Any CPU.Build.0 = Release|Any CPU
		{F73B439B-9DD6-4958-8D86-FBC8CFCB1799}.Debug|Any CPU.ActiveCfg = Debug|Any CPU
		{F73B439B-9DD6-4958-8D86-FBC8CFCB1799}.Debug|Any CPU.Build.0 = Debug|Any CPU
		{F73B439B-9DD6-4958-8D86-FBC8CFCB1799}.Release|Any CPU.ActiveCfg = Release|Any CPU
		{F73B439B-9DD6-4958-8D86-FBC8CFCB1799}.Release|Any CPU.Build.0 = Release|Any CPU
		{AEBDD5D0-B66A-487B-A5D7-15432164907E}.Debug|Any CPU.ActiveCfg = Debug|Any CPU
		{AEBDD5D0-B66A-487B-A5D7-15432164907E}.Debug|Any CPU.Build.0 = Debug|Any CPU
		{AEBDD5D0-B66A-487B-A5D7-15432164907E}.Release|Any CPU.ActiveCfg = Release|Any CPU
		{AEBDD5D0-B66A-487B-A5D7-15432164907E}.Release|Any CPU.Build.0 = Release|Any CPU
		{92810180-C144-4D76-BB6B-B02134CA2C39}.Debug|Any CPU.ActiveCfg = Debug|Any CPU
		{92810180-C144-4D76-BB6B-B02134CA2C39}.Debug|Any CPU.Build.0 = Debug|Any CPU
		{92810180-C144-4D76-BB6B-B02134CA2C39}.Release|Any CPU.ActiveCfg = Release|Any CPU
		{92810180-C144-4D76-BB6B-B02134CA2C39}.Release|Any CPU.Build.0 = Release|Any CPU
		{E19F855E-B9CC-4A8D-982E-6BCCE0A58348}.Debug|Any CPU.ActiveCfg = Debug|Any CPU
		{E19F855E-B9CC-4A8D-982E-6BCCE0A58348}.Debug|Any CPU.Build.0 = Debug|Any CPU
		{E19F855E-B9CC-4A8D-982E-6BCCE0A58348}.Release|Any CPU.ActiveCfg = Release|Any CPU
		{E19F855E-B9CC-4A8D-982E-6BCCE0A58348}.Release|Any CPU.Build.0 = Release|Any CPU
		{E0E9AA81-AF60-4019-9AB8-811AFC39DE24}.Debug|Any CPU.ActiveCfg = Debug|Any CPU
		{E0E9AA81-AF60-4019-9AB8-811AFC39DE24}.Debug|Any CPU.Build.0 = Debug|Any CPU
		{E0E9AA81-AF60-4019-9AB8-811AFC39DE24}.Release|Any CPU.ActiveCfg = Release|Any CPU
		{E0E9AA81-AF60-4019-9AB8-811AFC39DE24}.Release|Any CPU.Build.0 = Release|Any CPU
		{18A93138-6F01-4934-8402-88A99778BFA8}.Debug|Any CPU.ActiveCfg = Debug|Any CPU
		{18A93138-6F01-4934-8402-88A99778BFA8}.Debug|Any CPU.Build.0 = Debug|Any CPU
		{18A93138-6F01-4934-8402-88A99778BFA8}.Release|Any CPU.ActiveCfg = Release|Any CPU
		{18A93138-6F01-4934-8402-88A99778BFA8}.Release|Any CPU.Build.0 = Release|Any CPU
		{DDBB6CA7-3686-4CAD-B525-EBD965E6A05C}.Debug|Any CPU.ActiveCfg = Debug|Any CPU
		{DDBB6CA7-3686-4CAD-B525-EBD965E6A05C}.Debug|Any CPU.Build.0 = Debug|Any CPU
		{DDBB6CA7-3686-4CAD-B525-EBD965E6A05C}.Release|Any CPU.ActiveCfg = Release|Any CPU
		{DDBB6CA7-3686-4CAD-B525-EBD965E6A05C}.Release|Any CPU.Build.0 = Release|Any CPU
	EndGlobalSection
	GlobalSection(SolutionProperties) = preSolution
		HideSolutionNode = FALSE
	EndGlobalSection
	GlobalSection(NestedProjects) = preSolution
		{C7E89A3E-A631-4760-8D61-BD1EAB1C4E69} = {6ED356A7-8B47-4613-AD01-C85CF28491BD}
		{34C0FACD-F3D9-400C-8945-554DD6B0819A} = {6ED356A7-8B47-4613-AD01-C85CF28491BD}
		{DEFF4009-1FAB-4392-80B6-707E2DC5C00B} = {664D406C-2F83-48F0-BFC3-408D5CB53C65}
		{DC37FD87-552C-4613-9F16-1537CA522898} = {664D406C-2F83-48F0-BFC3-408D5CB53C65}
		{4FF7E541-E4BA-4FF4-BE25-EC907D92BDA8} = {664D406C-2F83-48F0-BFC3-408D5CB53C65}
		{1D811D12-E2B0-41F0-9C95-EDF06E4904F0} = {3A45E7B9-88B6-41B4-BC14-1814F17ABCB7}
		{D177FCBC-E029-42CD-96AC-182C2DC95BFD} = {B5FA026C-E81F-40B9-84FA-E74F5BD2FBD7}
		{0850F917-C0C1-47F9-BD2D-D50F22AE0ABB} = {B5FA026C-E81F-40B9-84FA-E74F5BD2FBD7}
		{3A0351BE-B85A-4EDE-95ED-3E1DCEFB9171} = {664D406C-2F83-48F0-BFC3-408D5CB53C65}
		{A143C6A7-68B0-4C85-8856-F11B1A1B8789} = {B5FA026C-E81F-40B9-84FA-E74F5BD2FBD7}
		{F73B439B-9DD6-4958-8D86-FBC8CFCB1799} = {664D406C-2F83-48F0-BFC3-408D5CB53C65}
		{AEBDD5D0-B66A-487B-A5D7-15432164907E} = {033AA8B6-0752-4E0F-80A2-FC46A0D88354}
		{033AA8B6-0752-4E0F-80A2-FC46A0D88354} = {664D406C-2F83-48F0-BFC3-408D5CB53C65}
		{92810180-C144-4D76-BB6B-B02134CA2C39} = {B5FA026C-E81F-40B9-84FA-E74F5BD2FBD7}
		{E19F855E-B9CC-4A8D-982E-6BCCE0A58348} = {B5FA026C-E81F-40B9-84FA-E74F5BD2FBD7}
		{E0E9AA81-AF60-4019-9AB8-811AFC39DE24} = {664D406C-2F83-48F0-BFC3-408D5CB53C65}
		{18A93138-6F01-4934-8402-88A99778BFA8} = {664D406C-2F83-48F0-BFC3-408D5CB53C65}
		{DDBB6CA7-3686-4CAD-B525-EBD965E6A05C} = {B5FA026C-E81F-40B9-84FA-E74F5BD2FBD7}
	EndGlobalSection
	GlobalSection(ExtensibilityGlobals) = postSolution
		SolutionGuid = {B4C02A51-7A0F-40AF-B559-20772614ED60}
	EndGlobalSection
	GlobalSection(RiderSharedRunConfigurations) = postSolution
		File = src\WebAPI\ClientApp\.run\Nuxt Debug JavaScript.run.xml
	EndGlobalSection
EndGlobal
