{
  "version": 1,
  "dependencies": {
    "net10.0": {
      "Autofac": {
        "type": "Direct",
        "requested": "[9.1.0, )",
        "resolved": "9.1.0",
        "contentHash": "onT/BcnnfWcQNXiuC7R/0h8ALQzRdsAI20gpB7nfrudXpFMXdVZKz1umdtHXDwjc/bmWEsrCBAxck3+Arnk15g=="
      },
      "BencodeNET": {
        "type": "Direct",
        "requested": "[5.0.0, )",
        "resolved": "5.0.0",
        "contentHash": "/Yug5SQdwb33ouVioHXqy+7fgDBA9e7xsE2PxvNtEBWBr9+itNo17PXu47iIIAHqROR12J8D1F1t5TAxRy3UQA=="
      },
      "CSharpier.MsBuild": {
        "type": "Direct",
        "requested": "[1.2.6, )",
        "resolved": "1.2.6",
        "contentHash": "KMSJG+jfk7vjP52QkWB99qWespXCPAzG/IaMCMRHYWumJEAGKQYm2HtyWG6eqnOwDitH96i1cqq5EVesyOtPmg=="
      },
      "FastEndpoints": {
        "type": "Direct",
        "requested": "[8.1.0, )",
        "resolved": "8.1.0",
        "contentHash": "LGppBQ5tUTdZNXA9/zTI5zIrd9Nup5O5ASVU7YxKDD56aU8pK5+sxAcd5ud8bmjlw4t97vCzfNU0wW7/7XFodw==",
        "dependencies": {
          "FastEndpoints.Attributes": "8.1.0",
          "FastEndpoints.JobQueues": "8.1.0",
          "FastEndpoints.Messaging": "8.1.0",
          "FluentValidation": "12.1.1"
        }
      },
      "ByteSize": {
        "type": "Transitive",
        "resolved": "2.1.2",
        "contentHash": "dSiH9B0apNU5abV3OVUs3eTfHiidEAa8IMOLGW0eEl5tB8Ba1ngkGC7RT/RGy61ifGcPzCe7DMP78KB8pA5kNg=="
      },
      "EFCore.BulkExtensions.Core": {
        "type": "Transitive",
        "resolved": "10.0.1",
        "contentHash": "D++Wd1Qy6RM+yMy4nQ3r0nc/cSA0T+AdlFBEuKDhwl6r5bwuBQpluP5h2rvQ3i+CetUGppef6JNH9grg8lo+Bw==",
        "dependencies": {
          "MedallionTopologicalSort": "1.0.0",
          "Microsoft.EntityFrameworkCore.Relational": "10.0.3",
          "NetTopologySuite": "2.6.0"
        }
      },
      "EFCore.BulkExtensions.Sqlite": {
        "type": "Transitive",
        "resolved": "10.0.1",
        "contentHash": "KLwKYfyI6aoooLNXMe+KvTk45lFuAAcy5u12icfTr+1pcEWLawwnaGEDtWanlen5uWxO13B/j68dolSHIwL2/A==",
        "dependencies": {
          "EFCore.BulkExtensions.Core": "10.0.1",
          "Microsoft.EntityFrameworkCore.Sqlite.Core": "10.0.3",
          "NetTopologySuite.IO.SpatiaLite": "2.0.0"
        }
      },
      "FastEndpoints.Attributes": {
        "type": "Transitive",
        "resolved": "8.1.0",
        "contentHash": "jo2pRdwv/Bs0JE7S3bCUBZWuyX7u3fJylOf985/epr/tSQfuaBCIwx9XouuXcU00H1XdukcDKUzVmPQFeRZuRg==",
        "dependencies": {
          "Microsoft.Extensions.Primitives": "10.0.5"
        }
      },
      "FastEndpoints.Core": {
        "type": "Transitive",
        "resolved": "8.1.0",
        "contentHash": "z5Ym1UNtHZ87u5ZsTgajeM+anU1Ab3TsKvFTK5taPTqb89seB2raxFcykhOHoQ9o1hN7gVj3epS8R7ZYx47nhg==",
        "dependencies": {
          "Microsoft.AspNetCore.Http.Abstractions": "2.3.9",
          "Microsoft.Extensions.DependencyInjection.Abstractions": "10.0.5"
        }
      },
      "FastEndpoints.JobQueues": {
        "type": "Transitive",
        "resolved": "8.1.0",
        "contentHash": "vP+D3+4J35miQ2E5mWjay5PDWSPwmlgjvvWFaptNzq0Csde/ONh8PJ8EDnuJ9uhAkKd6QLgujbRaympBQXBhXg==",
        "dependencies": {
          "FastEndpoints.Messaging": "8.1.0",
          "Microsoft.Extensions.DependencyInjection.Abstractions": "10.0.5",
          "Microsoft.Extensions.Hosting.Abstractions": "10.0.5"
        }
      },
      "FastEndpoints.Messaging": {
        "type": "Transitive",
        "resolved": "8.1.0",
        "contentHash": "soymzIpNTRjUbrbHZ+418EhB+KC39xj98EWQo8Q0V793EYrl/qVqTlAlahXhInA75CP9pip0/Hgb79U05hflZA==",
        "dependencies": {
          "FastEndpoints.Core": "8.1.0",
          "FastEndpoints.Messaging.Core": "8.1.0",
          "Microsoft.Extensions.DependencyInjection.Abstractions": "10.0.5"
        }
      },
      "FastEndpoints.Messaging.Core": {
        "type": "Transitive",
        "resolved": "8.1.0",
        "contentHash": "i3VqYn4b9UjpvXFkcCRXZq5lMzQ13dlLab7BWh/19aVY8pvQT9v643ViCdga47zir7y2twnYOIjRIy9Fln2dWw=="
      },
      "FluentResults": {
        "type": "Transitive",
        "resolved": "4.0.0",
        "contentHash": "wKfdLvDnDVhXlSreU7u/NFNHH6EfoOhAloEID4ePAyk+ZliowKZJvX+aCL4hxhFc9Jj74t62amS4LyOYTjXGCg==",
        "dependencies": {
          "Microsoft.Extensions.Logging.Abstractions": "2.1.1"
        }
      },
      "FluentValidation": {
        "type": "Transitive",
        "resolved": "12.1.1",
        "contentHash": "EPpkIe1yh1a0OXyC100oOA8WMbZvqUu5plwhvYcb7oSELfyUZzfxV48BLhvs3kKo4NwG7MGLNgy1RJiYtT8Dpw=="
      },
      "Flurl": {
        "type": "Transitive",
        "resolved": "4.0.0",
        "contentHash": "rpts69yYgvJqg6PPgqShBQEZ4aNzWQqWpWppcT0oDWxDCIsBqiod4pj6LQZdhk+1OozLFagemldMRACdHF3CsA=="
      },
      "JetBrains.Annotations": {
        "type": "Transitive",
        "resolved": "2025.2.4",
        "contentHash": "TwbgxAkXxY+vNEhNVx/QXjJ4vqxmepOjsgRvvImQPbHkHMMb4W+ahL3laMsxXKtNT7iMy+E1B3xkqao2hf1n3A=="
      },
      "MedallionTopologicalSort": {
        "type": "Transitive",
        "resolved": "1.0.0",
        "contentHash": "dcAqM8TcyZQ/T466CvqNMUUn/G0FQE+4R7l62ngXH7hLFP9yA7yoP/ySsLgiXx3pGUQC3J+cUvXmJOOR/eC+oQ=="
      },
      "Microsoft.AspNetCore.Cryptography.Internal": {
        "type": "Transitive",
        "resolved": "10.0.6",
        "contentHash": "uilNcQcBAXgf/hJl5cVwXkYd2frzHatkcnXXNZ26d9geELozdQnbY6XkP2QAiJV2RL2B5wU7NWdnXkpb+mLLhg=="
      },
      "Microsoft.AspNetCore.Cryptography.KeyDerivation": {
        "type": "Transitive",
        "resolved": "10.0.6",
        "contentHash": "uIxxPb3NQ2SiPfA6x7ze7TbqlqwC30IJHythvX2USvv81Akp0wfWvVHis8VxHaurDJIhWOt94n+taJuEzrtNnA==",
        "dependencies": {
          "Microsoft.AspNetCore.Cryptography.Internal": "10.0.6"
        }
      },
      "Microsoft.AspNetCore.DataProtection": {
        "type": "Transitive",
        "resolved": "10.0.6",
        "contentHash": "DNl64QRCH9Yw1Qdc4Zk5hpKqxNGAryiKrUP1Po4ae6vkrbpeQ6oj4oCk2FMCqITOir/7AIdL64Ie4n/vgHEzCA==",
        "dependencies": {
          "Microsoft.AspNetCore.Cryptography.Internal": "10.0.6",
          "Microsoft.AspNetCore.DataProtection.Abstractions": "10.0.6",
          "Microsoft.Extensions.DependencyInjection.Abstractions": "10.0.6",
          "Microsoft.Extensions.Hosting.Abstractions": "10.0.6",
          "Microsoft.Extensions.Logging.Abstractions": "10.0.6",
          "Microsoft.Extensions.Options": "10.0.6",
          "System.Security.Cryptography.Xml": "10.0.6"
        }
      },
      "Microsoft.AspNetCore.DataProtection.Abstractions": {
        "type": "Transitive",
        "resolved": "10.0.6",
        "contentHash": "ZXQcOmiAeFcfu43YHVwVLIcFkYwvKawbtIoFoWCvKggRY+k/md1/eo/KNA/HIzel1rrhRRxFwhcH0i67HwB/tw=="
      },
      "Microsoft.AspNetCore.DataProtection.EntityFrameworkCore": {
        "type": "Transitive",
        "resolved": "10.0.6",
        "contentHash": "n8jrXfrInNyg6fiWj2JNYGGbJXNnmfEmwqgXCyVbf9HsIOs8sa/Se0KQFkg400cazasaG2QMuP7VNgdnG0Breg==",
        "dependencies": {
          "Microsoft.AspNetCore.DataProtection": "10.0.6",
          "Microsoft.EntityFrameworkCore": "10.0.6"
        }
      },
      "Microsoft.AspNetCore.Http.Abstractions": {
        "type": "Transitive",
        "resolved": "2.3.9",
        "contentHash": "ULScB/0S9+qvf+yahjR+oQUp0GrvoDHJ9XS5gTqSjLjbjUDnHaJ1s8wo3RJMpaDfb1bawX4OgQM+YmvCUveR4Q==",
        "dependencies": {
          "Microsoft.AspNetCore.Http.Features": "2.3.0"
        }
      },
      "Microsoft.AspNetCore.Http.Features": {
        "type": "Transitive",
        "resolved": "2.3.0",
        "contentHash": "f10WUgcsKqrkmnz6gt8HeZ7kyKjYN30PO7cSic1lPtH7paPtnQqXPOveul/SIPI43PhRD4trttg4ywnrEmmJpA==",
        "dependencies": {
          "Microsoft.Extensions.Primitives": "8.0.0"
        }
      },
      "Microsoft.AspNetCore.Identity.EntityFrameworkCore": {
        "type": "Transitive",
        "resolved": "10.0.6",
        "contentHash": "zLlJ5K1vxA3c5/YVLFH4RxnqG+fXnYqkzutOJZ8TeGyrm/hzDq6W01AunvhYOAp3m5kLeeoxMDVapXSgTtd6Yg==",
        "dependencies": {
          "Microsoft.EntityFrameworkCore.Relational": "10.0.6",
          "Microsoft.Extensions.Identity.Stores": "10.0.6"
        }
      },
      "Microsoft.Data.Sqlite.Core": {
        "type": "Transitive",
        "resolved": "10.0.3",
        "contentHash": "onD94qHlvteS2S9eg1T7Huehm3x92no4nU1AyDWjSmT6jDBhY8QF0UapwNhFA+1dArzxM10fV7s6uI1EIK2+dw==",
        "dependencies": {
          "SQLitePCLRaw.core": "2.1.11"
        }
      },
      "Microsoft.EntityFrameworkCore": {
        "type": "Transitive",
        "resolved": "10.0.6",
        "contentHash": "eDy7bu3G+51FRC0cPtXTqUI9iAdDYl/XBQ5UguN8NFOA7QNmFvUEf36wA7PZ4ctsnxRN4t3dIvs2VKVE5H+EQQ==",
        "dependencies": {
          "Microsoft.EntityFrameworkCore.Abstractions": "10.0.6",
          "Microsoft.EntityFrameworkCore.Analyzers": "10.0.6",
          "Microsoft.Extensions.Caching.Memory": "10.0.6",
          "Microsoft.Extensions.Logging": "10.0.6"
        }
      },
      "Microsoft.EntityFrameworkCore.Abstractions": {
        "type": "Transitive",
        "resolved": "10.0.6",
        "contentHash": "4F+e6uxhVmyduu+Ve1INxek94adt4RAddWqykXNDnOOWQrJJ20izw/9qRpZdkLnIW9oj/3qnLWUtsv37U0xJCw=="
      },
      "Microsoft.EntityFrameworkCore.Analyzers": {
        "type": "Transitive",
        "resolved": "10.0.6",
        "contentHash": "PIcmALdKzeSJNWmxsLDsS8XKFqiH5+9GzIM+qd3w1efYIwmO0w5304i37/SkfynctHZwkiiQjb2mkoIXU1CGZg=="
      },
      "Microsoft.EntityFrameworkCore.Relational": {
        "type": "Transitive",
        "resolved": "10.0.6",
        "contentHash": "t+pXPUjiAemBTstY57yUAoywOO6znVD3lwy7UERJpji0wmS70XHg0h8EcpX6+7KT6ZVCIndr1pW0GdOobZ4yCg==",
        "dependencies": {
          "Microsoft.EntityFrameworkCore": "10.0.6",
          "Microsoft.Extensions.Caching.Memory": "10.0.6",
          "Microsoft.Extensions.Configuration.Abstractions": "10.0.6",
          "Microsoft.Extensions.Logging": "10.0.6"
        }
      },
      "Microsoft.EntityFrameworkCore.Sqlite.Core": {
        "type": "Transitive",
        "resolved": "10.0.3",
        "contentHash": "bUkOkSwPqvhNlsMMg5dA/PR9S4cVehiHEIZklakRH6JZCFsEBNvUz8kBRGK8Hi6mcaPKUAmVZQkN3moZsBYZLA==",
        "dependencies": {
          "Microsoft.Data.Sqlite.Core": "10.0.3",
          "Microsoft.EntityFrameworkCore.Relational": "10.0.3",
          "Microsoft.Extensions.Caching.Memory": "10.0.3",
          "Microsoft.Extensions.Configuration.Abstractions": "10.0.3",
          "Microsoft.Extensions.DependencyModel": "10.0.3",
          "Microsoft.Extensions.Logging": "10.0.3",
          "SQLitePCLRaw.core": "2.1.11"
        }
      },
      "Microsoft.Extensions.Caching.Abstractions": {
        "type": "Transitive",
        "resolved": "10.0.6",
        "contentHash": "Ilr690V+E1H116ncF00KIlvRloKXBdCExaNqcT9BvCcS5nFGR1pcTamSA2EI8pOXbNp0DHZm8K8h6Wl1hMSbIQ==",
        "dependencies": {
          "Microsoft.Extensions.Primitives": "10.0.6"
        }
      },
      "Microsoft.Extensions.Caching.Memory": {
        "type": "Transitive",
        "resolved": "10.0.6",
        "contentHash": "5godKXBBsObgl/dBQKgrFeHFd6vVVOMGK3TuKLPNlwJgabFKl5vISSHLw5hWUtd+zKcl/Llmw25dsGlySxXJJg==",
        "dependencies": {
          "Microsoft.Extensions.Caching.Abstractions": "10.0.6",
          "Microsoft.Extensions.DependencyInjection.Abstractions": "10.0.6",
          "Microsoft.Extensions.Logging.Abstractions": "10.0.6",
          "Microsoft.Extensions.Options": "10.0.6",
          "Microsoft.Extensions.Primitives": "10.0.6"
        }
      },
      "Microsoft.Extensions.Configuration": {
        "type": "Transitive",
        "resolved": "10.0.6",
        "contentHash": "lYQ9S1FGXIWIU7243RimdAXQYsFDeLhSSZvbSDwbeI/kCzZ4MIYXpp3kMQ+bDJXwl9pzMRIYkd4f9zGqcYxfAQ==",
        "dependencies": {
          "Microsoft.Extensions.Configuration.Abstractions": "10.0.6",
          "Microsoft.Extensions.Primitives": "10.0.6"
        }
      },
      "Microsoft.Extensions.Configuration.Abstractions": {
        "type": "Transitive",
        "resolved": "10.0.6",
        "contentHash": "a7bA7IT3ngIgcOMb/2MVH5CcfSxUCeQ6QXWS1Vt6oFpzLTH3U1+J2Xtc64Uw3whX9akYG8eR/UQeEzxo64zZLg==",
        "dependencies": {
          "Microsoft.Extensions.Primitives": "10.0.6"
        }
      },
      "Microsoft.Extensions.Configuration.Binder": {
        "type": "Transitive",
        "resolved": "10.0.6",
        "contentHash": "h22Fm4VxRmr4ty9rxJaW0i51xD56Bl5QhQ2hsGY2vl+6FioWmBhkpg3B78XQaK25N+hE41gZLZuYKGQS+OGbdw==",
        "dependencies": {
          "Microsoft.Extensions.Configuration": "10.0.6",
          "Microsoft.Extensions.Configuration.Abstractions": "10.0.6"
        }
      },
      "Microsoft.Extensions.DependencyInjection": {
        "type": "Transitive",
        "resolved": "10.0.6",
        "contentHash": "poUvwtf92bEs8uBH3aRRs/ZgiAw+Z485EU7TtVPBt//MmD0uMPERe7+v3Ur7lpD8XgIEDL9sDoTBcW1LMG97CQ==",
        "dependencies": {
          "Microsoft.Extensions.DependencyInjection.Abstractions": "10.0.6"
        }
      },
      "Microsoft.Extensions.DependencyInjection.Abstractions": {
        "type": "Transitive",
        "resolved": "10.0.6",
        "contentHash": "w+dX4SIr1X9yegX2yX2dU1XtP4JAUVNdvOG/Evn+H+ndn96YzfIPX52FALXChrRNWFR9l77FQyg1mB7WQo6iOA=="
      },
      "Microsoft.Extensions.DependencyModel": {
        "type": "Transitive",
        "resolved": "10.0.3",
        "contentHash": "31kRjr1fgdJO1UZ/AsjL2noqwht+juHMQ8c/oh8CEsDhlM2+0zwVZVsZjxSfOFiPtn5+6kRGuvSbLAufAPT0kA=="
      },
      "Microsoft.Extensions.Diagnostics": {
        "type": "Transitive",
        "resolved": "10.0.6",
        "contentHash": "vbigpAOKX+Bbm2uJQ/AqXqONEPPB3ZYkynRT24vo5ZWF1rzKPtVjpkQkJx5qTGp2dqNV5In9QqboayqmKdvGUA==",
        "dependencies": {
          "Microsoft.Extensions.Configuration": "10.0.6",
          "Microsoft.Extensions.Diagnostics.Abstractions": "10.0.6",
          "Microsoft.Extensions.Options.ConfigurationExtensions": "10.0.6"
        }
      },
      "Microsoft.Extensions.Diagnostics.Abstractions": {
        "type": "Transitive",
        "resolved": "10.0.6",
        "contentHash": "L98Xe5C+xyKytLNLiEyQ0rcY8GNXAeAn1xKsE0YDxPx/mXBYYtRoj8pC2cnbSFQUlOzBkyO90ivMSV22SRETFg==",
        "dependencies": {
          "Microsoft.Extensions.DependencyInjection.Abstractions": "10.0.6",
          "Microsoft.Extensions.Options": "10.0.6"
        }
      },
      "Microsoft.Extensions.FileProviders.Abstractions": {
        "type": "Transitive",
        "resolved": "10.0.6",
        "contentHash": "iU/lPyrjHVA4jJ7Bl/VpXvgsAD4qJWc4oPSVJjMBeZjmv7IIo8wBKxnOUoXdZcSCUJ6MeBMs3WpXNfncO7OzRg==",
        "dependencies": {
          "Microsoft.Extensions.Primitives": "10.0.6"
        }
      },
      "Microsoft.Extensions.Hosting.Abstractions": {
        "type": "Transitive",
        "resolved": "10.0.6",
        "contentHash": "x3C8tgsX+xWvV5u76LFm24/U7sSnCRjuudBkbFsMV/DIqCA85te7YGg6dpa7lBToDhi4Lry9E7Arpy0laUw5AQ==",
        "dependencies": {
          "Microsoft.Extensions.Configuration.Abstractions": "10.0.6",
          "Microsoft.Extensions.DependencyInjection.Abstractions": "10.0.6",
          "Microsoft.Extensions.Diagnostics.Abstractions": "10.0.6",
          "Microsoft.Extensions.FileProviders.Abstractions": "10.0.6",
          "Microsoft.Extensions.Logging.Abstractions": "10.0.6"
        }
      },
      "Microsoft.Extensions.Identity.Core": {
        "type": "Transitive",
        "resolved": "10.0.6",
        "contentHash": "yDTzOrAccPWGjHVsfCVrlmPFYzCvYuMQup+UhlVy+Z74eeUawdgHHR2a2NbjUQCek/Bkb1iCYt8WyRxKI7Nj6w==",
        "dependencies": {
          "Microsoft.AspNetCore.Cryptography.KeyDerivation": "10.0.6",
          "Microsoft.Extensions.Diagnostics": "10.0.6",
          "Microsoft.Extensions.Logging": "10.0.6",
          "Microsoft.Extensions.Options": "10.0.6"
        }
      },
      "Microsoft.Extensions.Identity.Stores": {
        "type": "Transitive",
        "resolved": "10.0.6",
        "contentHash": "ujKclUOCemLz1r/jdIVcI6anzssaPbqDQq0IZqVclwErhfsH+QgG+dh8PLdtavUCtJ2SXVx/+JRxEYI/WrueMQ==",
        "dependencies": {
          "Microsoft.Extensions.Caching.Abstractions": "10.0.6",
          "Microsoft.Extensions.Identity.Core": "10.0.6",
          "Microsoft.Extensions.Logging": "10.0.6"
        }
      },
      "Microsoft.Extensions.Logging": {
        "type": "Transitive",
        "resolved": "10.0.6",
        "contentHash": "ZjpnbMD88IcZQE2pE9lcGv3mkH2mlApPWNh88ya1wJpcxZLp7p4aN7twI2FpawGPAsXNpmMgtKaz3o796YWKWQ==",
        "dependencies": {
          "Microsoft.Extensions.DependencyInjection": "10.0.6",
          "Microsoft.Extensions.Logging.Abstractions": "10.0.6",
          "Microsoft.Extensions.Options": "10.0.6"
        }
      },
      "Microsoft.Extensions.Logging.Abstractions": {
        "type": "Transitive",
        "resolved": "10.0.6",
        "contentHash": "1YgBO3wAy0dlpQyVTKWBSPND/t0yZHsvd3shGpbeEwH8JSb2hnFI2pNFrOOUi/stsp+T/dqwqmRIGh47ibo9bw==",
        "dependencies": {
          "Microsoft.Extensions.DependencyInjection.Abstractions": "10.0.6"
        }
      },
      "Microsoft.Extensions.Options": {
        "type": "Transitive",
        "resolved": "10.0.6",
        "contentHash": "v5RTWm+3Gdub21ADJeRG5bunOOxutFNBZk6qGH6Az4L5nyRZoLe3Kse7jfAyUcdEoiKp72XpNw/wGR+9wP+MtQ==",
        "dependencies": {
          "Microsoft.Extensions.DependencyInjection.Abstractions": "10.0.6",
          "Microsoft.Extensions.Primitives": "10.0.6"
        }
      },
      "Microsoft.Extensions.Options.ConfigurationExtensions": {
        "type": "Transitive",
        "resolved": "10.0.6",
        "contentHash": "O7xt1vYMxku2+/WpFkh6X8RzUtYbKR+XCt0KOO0W9TbRbFeQdfb9Nry/CdVq57kOyOKS3Z4qD1xqV/8LpJQ0Xw==",
        "dependencies": {
          "Microsoft.Extensions.Configuration.Abstractions": "10.0.6",
          "Microsoft.Extensions.Configuration.Binder": "10.0.6",
          "Microsoft.Extensions.DependencyInjection.Abstractions": "10.0.6",
          "Microsoft.Extensions.Options": "10.0.6",
          "Microsoft.Extensions.Primitives": "10.0.6"
        }
      },
      "Microsoft.Extensions.Primitives": {
        "type": "Transitive",
        "resolved": "10.0.6",
        "contentHash": "L8P21mqaG+CXvPheLndean/cHCOcItJqH8nx+0YQnK7wAiOR0G1IOC418ZSzTMD2D6Gmo0f2M5WR70XtpX2B8g=="
      },
      "NaturalSort.Extension": {
        "type": "Transitive",
        "resolved": "4.4.1",
        "contentHash": "uDl8qdX7SGEGAvczy0qZw00ekEmCFz1KAyDf9H6AykZhplfWT9xfZDryGGp0HkGkeUZ6HL4iLUjZp/NgciktGw=="
      },
      "NetTopologySuite": {
        "type": "Transitive",
        "resolved": "2.6.0",
        "contentHash": "1B1OTacTd4QtFyBeuIOcThwSSLUdRZU3bSFIwM8vk36XiZlBMi3K36u74e4OqwwHRHUuJC1PhbDx4hyI266X1Q=="
      },
      "NetTopologySuite.IO.SpatiaLite": {
        "type": "Transitive",
        "resolved": "2.0.0",
        "contentHash": "nT8ep51zgrTPEtRG+Cxeoi585uFlzmCmJz+xl35ima1xWCk4KuRuLtCEswy8RQkApmeaawAAfsTsa83sgmT4xw==",
        "dependencies": {
          "NetTopologySuite": "[2.0.0, 3.0.0-A)"
        }
      },
      "PasswordGenerator": {
        "type": "Transitive",
        "resolved": "2.1.0",
        "contentHash": "G70cCeAOYCk/uTuFw5PBGpYY9kmBZyzld7tphachvyU514PowMRDYyKwTefxIHNGWrhXY2d1DV5B1tDEnTtY3A=="
      },
      "Quartz": {
        "type": "Transitive",
        "resolved": "3.17.0",
        "contentHash": "Ko3I49Yz1DqlxWi+fXqdG0FYJlHyGnra86m9RSlhPjIoXy7ip8FxyYJ70HcHc5s3xije0QvX81qG2dlxLEI7hQ==",
        "dependencies": {
          "Microsoft.Extensions.Logging.Abstractions": "2.1.1"
        }
      },
      "Serilog": {
        "type": "Transitive",
        "resolved": "4.3.1",
        "contentHash": "savYe7h5yRlkqBVOwP8cIRDOdqKiPmYCU4W87JH38sBmcKD5EBoXvQIw6bNEvZ/pTe1gsiye3VFCzBsoppGkXQ=="
      },
      "Serilog.Enrichers.Sensitive": {
        "type": "Transitive",
        "resolved": "2.1.0",
        "contentHash": "nlaEYMoHjJqncjQgc0Nv4LOIkAwUt4Nvmx3EMNjY4MKC7QqZs9zB0v/NwFnaWzLF7qztc7mna1bjn20Auohu0g=="
      },
      "Serilog.Expressions": {
        "type": "Transitive",
        "resolved": "5.0.0",
        "contentHash": "QhZjXtUcA2QfQRA60m+DfyIfidKsQV7HBstbYEDqzJKMbJH/KnKthkkjciRuYrmFE+scWv1JibC5LlXrdtOUmw==",
        "dependencies": {
          "Serilog": "4.0.0"
        }
      },
      "Serilog.Sinks.Console": {
        "type": "Transitive",
        "resolved": "6.1.1",
        "contentHash": "8jbqgjUyZlfCuSTaJk6lOca465OndqOz3KZP6Cryt/IqZYybyBu7GP0fE/AXBzrrQB3EBmQntBFAvMVz1COvAA==",
        "dependencies": {
          "Serilog": "4.0.0"
        }
      },
      "Serilog.Sinks.Console.LogThemes": {
        "type": "Transitive",
        "resolved": "0.4.0",
        "contentHash": "w7OLGCJXM7QPvacr52IyKI9lQIEo7VE9az7lyDH7sfeygpQGQbxMzU7uWFVDMYoQv+XRZ0KFvy8jGZQtjjH8Ew==",
        "dependencies": {
          "Serilog.Sinks.Console": "4.1.0"
        }
      },
      "Serilog.Sinks.Debug": {
        "type": "Transitive",
        "resolved": "3.0.0",
        "contentHash": "4BzXcdrgRX7wde9PmHuYd9U6YqycCC28hhpKonK7hx0wb19eiuRj16fPcPSVp0o/Y1ipJuNLYQ00R3q2Zs8FDA==",
        "dependencies": {
          "Serilog": "4.0.0"
        }
      },
      "Serilog.Sinks.File": {
        "type": "Transitive",
        "resolved": "7.0.0",
        "contentHash": "fKL7mXv7qaiNBUC71ssvn/dU0k9t0o45+qm2XgKAlSt19xF+ijjxyA3R6HmCgfKEKwfcfkwWjayuQtRueZFkYw==",
        "dependencies": {
          "Serilog": "4.2.0"
        }
      },
      "Serilog.Sinks.Seq": {
        "type": "Transitive",
        "resolved": "9.0.0",
        "contentHash": "aNU8A0K322q7+voPNmp1/qNPH+9QK8xvM1p72sMmCG0wGlshFzmtDW9QnVSoSYCj0MgQKcMOlgooovtBhRlNHw==",
        "dependencies": {
          "Serilog": "4.2.0",
          "Serilog.Sinks.File": "6.0.0"
        }
      },
      "Serilog.Sinks.TestCorrelator": {
        "type": "Transitive",
        "resolved": "4.0.0",
        "contentHash": "jGedEvMtohtUTmRix+P4aR7bsz9h+LqCIrF9oBPz90Q68r2pCeXkipWD3dvLopTFsNWSJDHlZpkosPy/xFUshg==",
        "dependencies": {
          "Serilog": "3.1.1",
          "System.Reactive": "6.0.1"
        }
      },
      "SQLitePCLRaw.core": {
        "type": "Transitive",
        "resolved": "2.1.11",
        "contentHash": "PK0GLFkfhZzLQeR3PJf71FmhtHox+U3vcY6ZtswoMjrefkB9k6ErNJEnwXqc5KgXDSjige2XXrezqS39gkpQKA=="
      },
      "System.ComponentModel.Annotations": {
        "type": "Transitive",
        "resolved": "5.0.0",
        "contentHash": "dMkqfy2el8A8/I76n2Hi1oBFEbG1SfxD2l5nhwXV3XjlnOmwxJlQbYpJH4W51odnU9sARCSAgv7S3CyAFMkpYg=="
      },
      "System.Reactive": {
        "type": "Transitive",
        "resolved": "6.1.0",
        "contentHash": "M5cCC1ZMkZr9jbSQGTHnVkb5TDN67qWCV7AP8TAHdGkvDlu0puT5NzemESNn9+HkYIDpWpocP68/i+/ame2/2w=="
      },
      "System.Security.Cryptography.Pkcs": {
        "type": "Transitive",
        "resolved": "10.0.6",
        "contentHash": "88tquaGJ1htm4DHWS6x9jwER7sFET2SVRN7HqO1FYZwE0diDcUmz0ajhVa8ZD2HGhDJBueSPjP/gqyP3gXtT2A=="
      },
      "System.Security.Cryptography.Xml": {
        "type": "Transitive",
        "resolved": "10.0.6",
        "contentHash": "71yFkEElPZKZ9jbZQTe1CWeHYXEtnCXwZnHnfeA8pP47tCXBUoWk+6zSIZ7RXO90nZjXgPNil6BFGWb1OBqA5w==",
        "dependencies": {
          "System.Security.Cryptography.Pkcs": "10.0.6"
        }
      },
      "Reaparr.Application.Contracts": {
        "type": "Project",
        "dependencies": {
          "Quartz": "[3.17.0, )",
          "Reaparr.Domain": "[1.0.0, )"
        }
      },
      "Reaparr.Data.Contracts": {
        "type": "Project",
        "dependencies": {
          "EFCore.BulkExtensions.SQLite": "[10.0.1, )",
          "Microsoft.EntityFrameworkCore": "[10.0.6, )",
          "Reaparr.Application.Contracts": "[1.0.0, )",
          "Reaparr.Domain": "[1.0.0, )"
        }
      },
      "Reaparr.Domain": {
        "type": "Project",
        "dependencies": {
          "ByteSize": "[2.1.2, )",
          "FastEndpoints": "[8.1.0, )",
          "Flurl": "[4.0.0, )",
          "JetBrains.Annotations": "[2025.2.4, )",
          "NaturalSort.Extension": "[4.4.1, )",
          "PasswordGenerator": "[2.1.0, )",
          "Reaparr.FluentResultExtensions": "[1.0.0, )",
          "System.ComponentModel.Annotations": "[5.0.0, )",
          "System.Reactive": "[6.1.0, )"
        }
      },
      "Reaparr.Environment": {
        "type": "Project",
        "dependencies": {
          "Serilog": "[4.3.1, )"
        }
      },
      "Reaparr.FluentResultExtensions": {
        "type": "Project",
        "dependencies": {
          "FluentResults": "[4.0.0, )",
          "FluentValidation": "[12.1.1, )",
          "Reaparr.Logging": "[1.0.0, )"
        }
      },
      "Reaparr.Identity.Contracts": {
        "type": "Project",
        "dependencies": {
          "Microsoft.AspNetCore.DataProtection.EntityFrameworkCore": "[10.0.6, )",
          "Microsoft.AspNetCore.Identity.EntityFrameworkCore": "[10.0.6, )",
          "Reaparr.Data.Contracts": "[1.0.0, )"
        }
      },
      "Reaparr.Logging": {
        "type": "Project",
        "dependencies": {
          "Autofac": "[9.1.0, )",
          "FluentResults": "[4.0.0, )",
          "Microsoft.AspNetCore.Http.Abstractions": "[2.3.9, )",
          "Reaparr.Environment": "[1.0.0, )",
          "Serilog": "[4.3.1, )",
          "Serilog.Enrichers.Sensitive": "[2.1.0, )",
          "Serilog.Expressions": "[5.0.0, )",
          "Serilog.Sinks.Console": "[6.1.1, )",
          "Serilog.Sinks.Console.LogThemes": "[0.4.0, )",
          "Serilog.Sinks.Debug": "[3.0.0, )",
          "Serilog.Sinks.File": "[7.0.0, )",
          "Serilog.Sinks.Seq": "[9.0.0, )",
          "Serilog.Sinks.TestCorrelator": "[4.0.0, )"
        }
      },
      "Reaparr.PublicAPI.Contracts": {
        "type": "Project"
      },
      "Reaparr.Settings.Contracts": {
        "type": "Project",
        "dependencies": {
          "Reaparr.Domain": "[1.0.0, )",
          "Reaparr.Environment": "[1.0.0, )"
        }
      }
    }
  }
}