{
  "version": 1,
  "dependencies": {
    "net10.0": {
      "CSharpier.MsBuild": {
        "type": "Direct",
        "requested": "[1.2.6, )",
        "resolved": "1.2.6",
        "contentHash": "KMSJG+jfk7vjP52QkWB99qWespXCPAzG/IaMCMRHYWumJEAGKQYm2HtyWG6eqnOwDitH96i1cqq5EVesyOtPmg=="
      },
      "FastEndpoints.Security": {
        "type": "Direct",
        "requested": "[8.1.0, )",
        "resolved": "8.1.0",
        "contentHash": "VgV0ze8ZD/VN4T1Jsvcc34Dq30UJi+nPm23DHqdKdp9087bfFb5Y91ai8VFdhSM0I+Es7tSzC75OrmgFYOD1bA==",
        "dependencies": {
          "FastEndpoints": "8.1.0",
          "Microsoft.AspNetCore.Authentication.JwtBearer": "10.0.5"
        }
      },
      "Microsoft.EntityFrameworkCore.Design": {
        "type": "Direct",
        "requested": "[10.0.6, )",
        "resolved": "10.0.6",
        "contentHash": "0lApALa4Ug14W7DXRk/vjc0fSi6h8OCAueKJH5MN6IU4mslMKiUaMKA7hzl+yFjym60dCOjhTWWa6S0ngl+Aog==",
        "dependencies": {
          "Humanizer.Core": "2.14.1",
          "Microsoft.Build.Framework": "18.0.2",
          "Microsoft.CodeAnalysis.CSharp": "5.0.0",
          "Microsoft.CodeAnalysis.CSharp.Workspaces": "5.0.0",
          "Microsoft.CodeAnalysis.Workspaces.MSBuild": "5.0.0",
          "Microsoft.EntityFrameworkCore.Relational": "10.0.6",
          "Microsoft.Extensions.Caching.Memory": "10.0.6",
          "Microsoft.Extensions.Configuration.Abstractions": "10.0.6",
          "Microsoft.Extensions.DependencyModel": "10.0.6",
          "Microsoft.Extensions.Logging": "10.0.6",
          "Mono.TextTemplating": "3.0.0",
          "Newtonsoft.Json": "13.0.3"
        }
      },
      "Microsoft.EntityFrameworkCore.InMemory": {
        "type": "Direct",
        "requested": "[10.0.6, )",
        "resolved": "10.0.6",
        "contentHash": "yQQLR6s0NOBJvg/du/w/mJn9ESlQ0XkAQ0zJEPhtlS/Vsnay6LRSdh39Sxy9/SkpYLoNoI9c6FUyP+UIE+BWdg==",
        "dependencies": {
          "Microsoft.EntityFrameworkCore": "10.0.6",
          "Microsoft.Extensions.Caching.Memory": "10.0.6",
          "Microsoft.Extensions.Logging": "10.0.6"
        }
      },
      "Microsoft.EntityFrameworkCore.Sqlite": {
        "type": "Direct",
        "requested": "[10.0.6, )",
        "resolved": "10.0.6",
        "contentHash": "EEkOdl08u45mfcQwTZfcwA0D6vjR4XqpJSIsLn9Wd++buEja3VK7oy0nVMF9b58P6ZKerUf2vGszc/6owUAANg==",
        "dependencies": {
          "Microsoft.EntityFrameworkCore.Sqlite.Core": "10.0.6",
          "Microsoft.Extensions.Caching.Memory": "10.0.6",
          "Microsoft.Extensions.Configuration.Abstractions": "10.0.6",
          "Microsoft.Extensions.DependencyModel": "10.0.6",
          "Microsoft.Extensions.Logging": "10.0.6",
          "SQLitePCLRaw.bundle_e_sqlite3": "2.1.11",
          "SQLitePCLRaw.core": "2.1.11"
        }
      },
      "Microsoft.EntityFrameworkCore.Tools": {
        "type": "Direct",
        "requested": "[10.0.6, )",
        "resolved": "10.0.6",
        "contentHash": "KYHcG6LzOnK2ZbTGoMRUcJ+rl0eWGDVF3ZbanPuZ4Ar5r/Fg/zkakKyt4YZpN+jT2thysKN7G7dlrthsBj9yWw==",
        "dependencies": {
          "Microsoft.EntityFrameworkCore.Design": "8.0.0"
        }
      },
      "Autofac": {
        "type": "Transitive",
        "resolved": "9.1.0",
        "contentHash": "onT/BcnnfWcQNXiuC7R/0h8ALQzRdsAI20gpB7nfrudXpFMXdVZKz1umdtHXDwjc/bmWEsrCBAxck3+Arnk15g=="
      },
      "ByteSize": {
        "type": "Transitive",
        "resolved": "2.1.2",
        "contentHash": "dSiH9B0apNU5abV3OVUs3eTfHiidEAa8IMOLGW0eEl5tB8Ba1ngkGC7RT/RGy61ifGcPzCe7DMP78KB8pA5kNg=="
      },
      "EFCore.BulkExtensions.Core": {
        "type": "Transitive",
        "resolved": "10.0.1",
        "contentHash": "D++Wd1Qy6RM+yMy4nQ3r0nc/cSA0T+AdlFBEuKDhwl6r5bwuBQpluP5h2rvQ3i+CetUGppef6JNH9grg8lo+Bw==",
        "dependencies": {
          "MedallionTopologicalSort": "1.0.0",
          "Microsoft.EntityFrameworkCore.Relational": "10.0.3",
          "NetTopologySuite": "2.6.0"
        }
      },
      "EFCore.BulkExtensions.Sqlite": {
        "type": "Transitive",
        "resolved": "10.0.1",
        "contentHash": "KLwKYfyI6aoooLNXMe+KvTk45lFuAAcy5u12icfTr+1pcEWLawwnaGEDtWanlen5uWxO13B/j68dolSHIwL2/A==",
        "dependencies": {
          "EFCore.BulkExtensions.Core": "10.0.1",
          "Microsoft.EntityFrameworkCore.Sqlite.Core": "10.0.3",
          "NetTopologySuite.IO.SpatiaLite": "2.0.0"
        }
      },
      "FastEndpoints": {
        "type": "Transitive",
        "resolved": "8.1.0",
        "contentHash": "LGppBQ5tUTdZNXA9/zTI5zIrd9Nup5O5ASVU7YxKDD56aU8pK5+sxAcd5ud8bmjlw4t97vCzfNU0wW7/7XFodw==",
        "dependencies": {
          "FastEndpoints.Attributes": "8.1.0",
          "FastEndpoints.JobQueues": "8.1.0",
          "FastEndpoints.Messaging": "8.1.0",
          "FluentValidation": "12.1.1"
        }
      },
      "FastEndpoints.Attributes": {
        "type": "Transitive",
        "resolved": "8.1.0",
        "contentHash": "jo2pRdwv/Bs0JE7S3bCUBZWuyX7u3fJylOf985/epr/tSQfuaBCIwx9XouuXcU00H1XdukcDKUzVmPQFeRZuRg==",
        "dependencies": {
          "Microsoft.Extensions.Primitives": "10.0.5"
        }
      },
      "FastEndpoints.Core": {
        "type": "Transitive",
        "resolved": "8.1.0",
        "contentHash": "z5Ym1UNtHZ87u5ZsTgajeM+anU1Ab3TsKvFTK5taPTqb89seB2raxFcykhOHoQ9o1hN7gVj3epS8R7ZYx47nhg==",
        "dependencies": {
          "Microsoft.AspNetCore.Http.Abstractions": "2.3.9",
          "Microsoft.Extensions.DependencyInjection.Abstractions": "10.0.5"
        }
      },
      "FastEndpoints.JobQueues": {
        "type": "Transitive",
        "resolved": "8.1.0",
        "contentHash": "vP+D3+4J35miQ2E5mWjay5PDWSPwmlgjvvWFaptNzq0Csde/ONh8PJ8EDnuJ9uhAkKd6QLgujbRaympBQXBhXg==",
        "dependencies": {
          "FastEndpoints.Messaging": "8.1.0",
          "Microsoft.Extensions.DependencyInjection.Abstractions": "10.0.5",
          "Microsoft.Extensions.Hosting.Abstractions": "10.0.5"
        }
      },
      "FastEndpoints.Messaging": {
        "type": "Transitive",
        "resolved": "8.1.0",
        "contentHash": "soymzIpNTRjUbrbHZ+418EhB+KC39xj98EWQo8Q0V793EYrl/qVqTlAlahXhInA75CP9pip0/Hgb79U05hflZA==",
        "dependencies": {
          "FastEndpoints.Core": "8.1.0",
          "FastEndpoints.Messaging.Core": "8.1.0",
          "Microsoft.Extensions.DependencyInjection.Abstractions": "10.0.5"
        }
      },
      "FastEndpoints.Messaging.Core": {
        "type": "Transitive",
        "resolved": "8.1.0",
        "contentHash": "i3VqYn4b9UjpvXFkcCRXZq5lMzQ13dlLab7BWh/19aVY8pvQT9v643ViCdga47zir7y2twnYOIjRIy9Fln2dWw=="
      },
      "FluentResults": {
        "type": "Transitive",
        "resolved": "4.0.0",
        "contentHash": "wKfdLvDnDVhXlSreU7u/NFNHH6EfoOhAloEID4ePAyk+ZliowKZJvX+aCL4hxhFc9Jj74t62amS4LyOYTjXGCg==",
        "dependencies": {
          "Microsoft.Extensions.Logging.Abstractions": "2.1.1"
        }
      },
      "FluentValidation": {
        "type": "Transitive",
        "resolved": "12.1.1",
        "contentHash": "EPpkIe1yh1a0OXyC100oOA8WMbZvqUu5plwhvYcb7oSELfyUZzfxV48BLhvs3kKo4NwG7MGLNgy1RJiYtT8Dpw=="
      },
      "Flurl": {
        "type": "Transitive",
        "resolved": "4.0.0",
        "contentHash": "rpts69yYgvJqg6PPgqShBQEZ4aNzWQqWpWppcT0oDWxDCIsBqiod4pj6LQZdhk+1OozLFagemldMRACdHF3CsA=="
      },
      "Humanizer.Core": {
        "type": "Transitive",
        "resolved": "2.14.1",
        "contentHash": "lQKvtaTDOXnoVJ20ibTuSIOf2i0uO0MPbDhd1jm238I+U/2ZnRENj0cktKZhtchBMtCUSRQ5v4xBCUbKNmyVMw=="
      },
      "JetBrains.Annotations": {
        "type": "Transitive",
        "resolved": "2025.2.4",
        "contentHash": "TwbgxAkXxY+vNEhNVx/QXjJ4vqxmepOjsgRvvImQPbHkHMMb4W+ahL3laMsxXKtNT7iMy+E1B3xkqao2hf1n3A=="
      },
      "MedallionTopologicalSort": {
        "type": "Transitive",
        "resolved": "1.0.0",
        "contentHash": "dcAqM8TcyZQ/T466CvqNMUUn/G0FQE+4R7l62ngXH7hLFP9yA7yoP/ySsLgiXx3pGUQC3J+cUvXmJOOR/eC+oQ=="
      },
      "Microsoft.AspNetCore.Authentication.JwtBearer": {
        "type": "Transitive",
        "resolved": "10.0.5",
        "contentHash": "fZzXogChrwQ/SfifQJgeW7AtR8hUv5+LH9oLWjm5OqfnVt3N8MwcMHHMdawvqqdjP79lIZgetnSpj77BLsSI1g==",
        "dependencies": {
          "Microsoft.IdentityModel.Protocols.OpenIdConnect": "8.0.1"
        }
      },
      "Microsoft.AspNetCore.Cryptography.Internal": {
        "type": "Transitive",
        "resolved": "10.0.7",
        "contentHash": "unTeI3bPmzsl5Xo2Irg7jW8osCjo/H2rBT5sTqopUUI0gbLyTYuTjDyxoKjykjS/nS2jUdAKVFWFoGF1s1g4HQ=="
      },
      "Microsoft.AspNetCore.Cryptography.KeyDerivation": {
        "type": "Transitive",
        "resolved": "10.0.7",
        "contentHash": "qwLYWCaxt23MF7ea/rIDvaRg3oyi6O51nU1YivAuBojrAvUjROHeIpIBxHaWvpH3WoWFf9lX5V40ufo/KKp5ZQ==",
        "dependencies": {
          "Microsoft.AspNetCore.Cryptography.Internal": "10.0.7"
        }
      },
      "Microsoft.AspNetCore.DataProtection": {
        "type": "Transitive",
        "resolved": "10.0.7",
        "contentHash": "ETphwQ9b2gvTK0ET6cYQY77StbIvSmYHZJdsEOf5AY4YNmol5uIncdqLCJzFgE/KEH1ukRdXTkwSC27hNnltOw==",
        "dependencies": {
          "Microsoft.AspNetCore.Cryptography.Internal": "10.0.7",
          "Microsoft.AspNetCore.DataProtection.Abstractions": "10.0.7",
          "Microsoft.Extensions.DependencyInjection.Abstractions": "10.0.7",
          "Microsoft.Extensions.Hosting.Abstractions": "10.0.7",
          "Microsoft.Extensions.Logging.Abstractions": "10.0.7",
          "Microsoft.Extensions.Options": "10.0.7",
          "System.Security.Cryptography.Xml": "10.0.7"
        }
      },
      "Microsoft.AspNetCore.DataProtection.Abstractions": {
        "type": "Transitive",
        "resolved": "10.0.7",
        "contentHash": "SitkANPwiW0Z2w9bWAFwZ/MxFDDloBkNZCK+SfFJ+/IMUTMvrczBrHmy66+EdQTd2ybRzCm12aKAztQkDGyH6A=="
      },
      "Microsoft.AspNetCore.DataProtection.EntityFrameworkCore": {
        "type": "Transitive",
        "resolved": "10.0.7",
        "contentHash": "chFGlgGqA0/CuB3a9yEosU13C29U4u7etvKtn92U3sXjjECrwy5PsDUU4SIuExE9Y1s+v0sOBb+6k7x26JJp+g==",
        "dependencies": {
          "Microsoft.AspNetCore.DataProtection": "10.0.7",
          "Microsoft.EntityFrameworkCore": "10.0.7"
        }
      },
      "Microsoft.AspNetCore.Http.Abstractions": {
        "type": "Transitive",
        "resolved": "2.3.9",
        "contentHash": "ULScB/0S9+qvf+yahjR+oQUp0GrvoDHJ9XS5gTqSjLjbjUDnHaJ1s8wo3RJMpaDfb1bawX4OgQM+YmvCUveR4Q==",
        "dependencies": {
          "Microsoft.AspNetCore.Http.Features": "2.3.0"
        }
      },
      "Microsoft.AspNetCore.Http.Features": {
        "type": "Transitive",
        "resolved": "2.3.0",
        "contentHash": "f10WUgcsKqrkmnz6gt8HeZ7kyKjYN30PO7cSic1lPtH7paPtnQqXPOveul/SIPI43PhRD4trttg4ywnrEmmJpA==",
        "dependencies": {
          "Microsoft.Extensions.Primitives": "8.0.0"
        }
      },
      "Microsoft.AspNetCore.Identity.EntityFrameworkCore": {
        "type": "Transitive",
        "resolved": "10.0.7",
        "contentHash": "WAMNMV7m019wBaem9YAyK+nsR6r5ixBL/kOPybO9QhEkwG4dOeVG3vvTTkI5I6q6fp5+MN6IuYxxV/2HYiI9vw==",
        "dependencies": {
          "Microsoft.EntityFrameworkCore.Relational": "10.0.7",
          "Microsoft.Extensions.Identity.Stores": "10.0.7"
        }
      },
      "Microsoft.Build.Framework": {
        "type": "Transitive",
        "resolved": "18.0.2",
        "contentHash": "sOSb+0J4G/jCBW/YqmRuL0eOMXgfw1KQLdC9TkbvfA5xs7uNm+PBQXJCOzSJGXtZcZrtXozcwxPmUiRUbmd7FA=="
      },
      "Microsoft.CodeAnalysis.Analyzers": {
        "type": "Transitive",
        "resolved": "3.11.0",
        "contentHash": "v/EW3UE8/lbEYHoC2Qq7AR/DnmvpgdtAMndfQNmpuIMx/Mto8L5JnuCfdBYtgvalQOtfNCnxFejxuRrryvUTsg=="
      },
      "Microsoft.CodeAnalysis.Common": {
        "type": "Transitive",
        "resolved": "5.0.0",
        "contentHash": "ZXRAdvH6GiDeHRyd3q/km8Z44RoM6FBWHd+gen/la81mVnAdHTEsEkO5J0TCNXBymAcx5UYKt5TvgKBhaLJEow==",
        "dependencies": {
          "Microsoft.CodeAnalysis.Analyzers": "3.11.0"
        }
      },
      "Microsoft.CodeAnalysis.CSharp": {
        "type": "Transitive",
        "resolved": "5.0.0",
        "contentHash": "5DSyJ9bk+ATuDy7fp2Zt0mJStDVKbBoiz1DyfAwSa+k4H4IwykAUcV3URelw5b8/iVbfSaOwkwmPUZH6opZKCw==",
        "dependencies": {
          "Microsoft.CodeAnalysis.Analyzers": "3.11.0",
          "Microsoft.CodeAnalysis.Common": "[5.0.0]"
        }
      },
      "Microsoft.CodeAnalysis.CSharp.Workspaces": {
        "type": "Transitive",
        "resolved": "5.0.0",
        "contentHash": "Al/Q8B+yO8odSqGVpSvrShMFDvlQdIBU//F3E6Rb0YdiLSALE9wh/pvozPNnfmh5HDnvU+mkmSjpz4hQO++jaA==",
        "dependencies": {
          "Humanizer.Core": "2.14.1",
          "Microsoft.CodeAnalysis.Analyzers": "3.11.0",
          "Microsoft.CodeAnalysis.CSharp": "[5.0.0]",
          "Microsoft.CodeAnalysis.Common": "[5.0.0]",
          "Microsoft.CodeAnalysis.Workspaces.Common": "[5.0.0]",
          "System.Composition": "9.0.0"
        }
      },
      "Microsoft.CodeAnalysis.Workspaces.Common": {
        "type": "Transitive",
        "resolved": "5.0.0",
        "contentHash": "ZbUmIvT6lqTNKiv06Jl5wf0MTMi1vQ1oH7ou4CLcs2C/no/L7EhP3T8y3XXvn9VbqMcJaJnEsNA1jwYUMgc5jg==",
        "dependencies": {
          "Humanizer.Core": "2.14.1",
          "Microsoft.CodeAnalysis.Analyzers": "3.11.0",
          "Microsoft.CodeAnalysis.Common": "[5.0.0]",
          "System.Composition": "9.0.0"
        }
      },
      "Microsoft.CodeAnalysis.Workspaces.MSBuild": {
        "type": "Transitive",
        "resolved": "5.0.0",
        "contentHash": "/G+LVoAGMz6Ae8nm+PGLxSw+F5RjYx/J7irbTO5uKAPw1bxHyQJLc/YOnpDxt+EpPtYxvC9wvBsg/kETZp1F9Q==",
        "dependencies": {
          "Humanizer.Core": "2.14.1",
          "Microsoft.Build.Framework": "17.11.31",
          "Microsoft.CodeAnalysis.Analyzers": "3.11.0",
          "Microsoft.CodeAnalysis.Workspaces.Common": "[5.0.0]",
          "Microsoft.Extensions.DependencyInjection": "9.0.0",
          "Microsoft.Extensions.Logging": "9.0.0",
          "Microsoft.Extensions.Logging.Abstractions": "9.0.0",
          "Microsoft.Extensions.Options": "9.0.0",
          "Microsoft.Extensions.Primitives": "9.0.0",
          "Microsoft.VisualStudio.SolutionPersistence": "1.0.52",
          "Newtonsoft.Json": "13.0.3",
          "System.Composition": "9.0.0"
        }
      },
      "Microsoft.Data.Sqlite.Core": {
        "type": "Transitive",
        "resolved": "10.0.6",
        "contentHash": "OqZDg2/SROHR33XJLaf3kIU2zEbxcZ2ef+O/HIyZWfiKenp/B2qgy/jv6wJmmsBgh4ETaRKdlcLyJ9es2woKCg==",
        "dependencies": {
          "SQLitePCLRaw.core": "2.1.11"
        }
      },
      "Microsoft.EntityFrameworkCore": {
        "type": "Transitive",
        "resolved": "10.0.7",
        "contentHash": "G6yclVO5/csPzzsymV0SemY2NDqE31CP5M3jprF5IuO9wJsh4aUOfYD8HCLuDmM1D1CfReegVic48O2r79d46Q==",
        "dependencies": {
          "Microsoft.EntityFrameworkCore.Abstractions": "10.0.7",
          "Microsoft.EntityFrameworkCore.Analyzers": "10.0.7",
          "Microsoft.Extensions.Caching.Memory": "10.0.7",
          "Microsoft.Extensions.Logging": "10.0.7"
        }
      },
      "Microsoft.EntityFrameworkCore.Abstractions": {
        "type": "Transitive",
        "resolved": "10.0.7",
        "contentHash": "TuxExnfIS/bSq3z2CbH0LwZH1oyj9iHhSGneU4fpxl3ikjZGZdSae9gcfnImV1rufH8f/ab1NnHwyL2BLyeZOg=="
      },
      "Microsoft.EntityFrameworkCore.Analyzers": {
        "type": "Transitive",
        "resolved": "10.0.7",
        "contentHash": "eZnMyiJzo249Ejg5CaFScvJS0u7neQfS9DXknAHTO6FHVMM99gO0byNXHGZmA/BOkZ13ngeVziQLHTMOtgescg=="
      },
      "Microsoft.EntityFrameworkCore.Relational": {
        "type": "Transitive",
        "resolved": "10.0.7",
        "contentHash": "midwPufIwXhOJcVhaZpCZGNbjy2QoPfHI+70nw2dGcoULEW9DybMvMPYkRjOJV0eI46a1oVFhU4lFYDEx6YUbg==",
        "dependencies": {
          "Microsoft.EntityFrameworkCore": "10.0.7",
          "Microsoft.Extensions.Caching.Memory": "10.0.7",
          "Microsoft.Extensions.Configuration.Abstractions": "10.0.7",
          "Microsoft.Extensions.Logging": "10.0.7"
        }
      },
      "Microsoft.EntityFrameworkCore.Sqlite.Core": {
        "type": "Transitive",
        "resolved": "10.0.6",
        "contentHash": "dxlPx5pTERV+MhoG35tDyZ5sj50uoOs3FjLaHjpG62dpGXKsDk85VN0H0iDbJYBU+7w7F0wNr4HPxgl62utWqw==",
        "dependencies": {
          "Microsoft.Data.Sqlite.Core": "10.0.6",
          "Microsoft.EntityFrameworkCore.Relational": "10.0.6",
          "Microsoft.Extensions.Caching.Memory": "10.0.6",
          "Microsoft.Extensions.Configuration.Abstractions": "10.0.6",
          "Microsoft.Extensions.DependencyModel": "10.0.6",
          "Microsoft.Extensions.Logging": "10.0.6",
          "SQLitePCLRaw.core": "2.1.11"
        }
      },
      "Microsoft.Extensions.Caching.Abstractions": {
        "type": "Transitive",
        "resolved": "10.0.7",
        "contentHash": "pUDgQKEqNUFlerDIFRg7zzoDVRPEWIG7nR40h8Gzg8RXza4Ry0lWZ7u91bmwu3iUDCxw3Dv6TLHVFoAgY0gy7Q==",
        "dependencies": {
          "Microsoft.Extensions.Primitives": "10.0.7"
        }
      },
      "Microsoft.Extensions.Caching.Memory": {
        "type": "Transitive",
        "resolved": "10.0.7",
        "contentHash": "6eULH/sc97yfCEV31g7AgUzHc7dIm0DGBcofoE8GgBaXbdAPPhathN8rYcgi1TSiG1QucCdqKiVNaDEPAEXL5Q==",
        "dependencies": {
          "Microsoft.Extensions.Caching.Abstractions": "10.0.7",
          "Microsoft.Extensions.DependencyInjection.Abstractions": "10.0.7",
          "Microsoft.Extensions.Logging.Abstractions": "10.0.7",
          "Microsoft.Extensions.Options": "10.0.7",
          "Microsoft.Extensions.Primitives": "10.0.7"
        }
      },
      "Microsoft.Extensions.Configuration": {
        "type": "Transitive",
        "resolved": "10.0.7",
        "contentHash": "wZbGh7J8R1vXN525O6d8dlcDTxhRTnd5MyW4LdfP5S0tSnTwTCseYSrq6g0Mxh7W9xn8P/2xPuf0D/m6k2dy2w==",
        "dependencies": {
          "Microsoft.Extensions.Configuration.Abstractions": "10.0.7",
          "Microsoft.Extensions.Primitives": "10.0.7"
        }
      },
      "Microsoft.Extensions.Configuration.Abstractions": {
        "type": "Transitive",
        "resolved": "10.0.7",
        "contentHash": "t56nEgvECcyLPojZIUFWJknQQDAbgfTf9J+QMYJE1YYvVgz69vN6B/AKL8Grvj3Lcnp8kTpNqwmwFhb3YLJmtQ==",
        "dependencies": {
          "Microsoft.Extensions.Primitives": "10.0.7"
        }
      },
      "Microsoft.Extensions.Configuration.Binder": {
        "type": "Transitive",
        "resolved": "10.0.7",
        "contentHash": "8bS1qIaRivny+WX+49pmeJ6iAylbtX8C0DLEcCQWZjdxQvLqaMssXiGD9P/6pYElrHbK5/nAHmjbQ8STqdMYeg==",
        "dependencies": {
          "Microsoft.Extensions.Configuration": "10.0.7",
          "Microsoft.Extensions.Configuration.Abstractions": "10.0.7"
        }
      },
      "Microsoft.Extensions.DependencyInjection": {
        "type": "Transitive",
        "resolved": "10.0.7",
        "contentHash": "91F/o3emPV/+xY/ip3s2LqDNF14kjttlVtq0BXgg6p4MnCzeSZxnUJm+t6WRrtD3JdGo88/oX+z7OwK4y8PZuw==",
        "dependencies": {
          "Microsoft.Extensions.DependencyInjection.Abstractions": "10.0.7"
        }
      },
      "Microsoft.Extensions.DependencyInjection.Abstractions": {
        "type": "Transitive",
        "resolved": "10.0.7",
        "contentHash": "Z6mfFEaFcwCfSboxJwOLfu7/31npCY9q70WUamHW/vRQhDvBKOT4Vf9YkZj5J6hLvJpb0oDEYfHunQZj0xxvKw=="
      },
      "Microsoft.Extensions.DependencyModel": {
        "type": "Transitive",
        "resolved": "10.0.6",
        "contentHash": "xHMiq0J/wbyKDQ/tHB1FxylNWZLLlSf61Fw8XRneG6KTovjabNJiWtQoJ1MKCk71Bjr1TG1wAPVe8QZYphihLQ=="
      },
      "Microsoft.Extensions.Diagnostics": {
        "type": "Transitive",
        "resolved": "10.0.7",
        "contentHash": "l+smp1qPlU0OUXD0OGfdp7OUFrbdq7ZaP5T7m2WpfZ4RFKD7iG73BAT7tjSMxNmbSXkhAn1jYHOAqzYG1r9sNg==",
        "dependencies": {
          "Microsoft.Extensions.Configuration": "10.0.7",
          "Microsoft.Extensions.Diagnostics.Abstractions": "10.0.7",
          "Microsoft.Extensions.Options.ConfigurationExtensions": "10.0.7"
        }
      },
      "Microsoft.Extensions.Diagnostics.Abstractions": {
        "type": "Transitive",
        "resolved": "10.0.7",
        "contentHash": "uJ9JP677y+uy+C0vtaSfi7XXgFAdz8DhU3M9lwwIXDfQKcyQ0yxM9DVYa0NXDtdVTYA2eBUtVFZ8LY0GCdeE/w==",
        "dependencies": {
          "Microsoft.Extensions.DependencyInjection.Abstractions": "10.0.7",
          "Microsoft.Extensions.Options": "10.0.7"
        }
      },
      "Microsoft.Extensions.FileProviders.Abstractions": {
        "type": "Transitive",
        "resolved": "10.0.7",
        "contentHash": "teioDgVpi8L186wUfrXQV1YuBt6lCSPmFZiMZo53+FZxHFjOV+f4GXo4LXgJ273Mku9//AdXWVjk9J7eJP6inw==",
        "dependencies": {
          "Microsoft.Extensions.Primitives": "10.0.7"
        }
      },
      "Microsoft.Extensions.Hosting.Abstractions": {
        "type": "Transitive",
        "resolved": "10.0.7",
        "contentHash": "5s8d6qC6EA8UOI4wR/+zlsq7SXttJMRb9d7zvVZ7+bE3CQEfVtC9ITUDCommm87R1zzj6WJBbCnztuIJXnP3DA==",
        "dependencies": {
          "Microsoft.Extensions.Configuration.Abstractions": "10.0.7",
          "Microsoft.Extensions.DependencyInjection.Abstractions": "10.0.7",
          "Microsoft.Extensions.Diagnostics.Abstractions": "10.0.7",
          "Microsoft.Extensions.FileProviders.Abstractions": "10.0.7",
          "Microsoft.Extensions.Logging.Abstractions": "10.0.7"
        }
      },
      "Microsoft.Extensions.Identity.Core": {
        "type": "Transitive",
        "resolved": "10.0.7",
        "contentHash": "br70n9iuhhn4HU6DrNH96/Rdh6dnW72VoLioQ9UF+XYSjAEREe1TqgyuvUJBVJzayRyuy+rWQrx3eOF38udeSQ==",
        "dependencies": {
          "Microsoft.AspNetCore.Cryptography.KeyDerivation": "10.0.7",
          "Microsoft.Extensions.Diagnostics": "10.0.7",
          "Microsoft.Extensions.Logging": "10.0.7",
          "Microsoft.Extensions.Options": "10.0.7"
        }
      },
      "Microsoft.Extensions.Identity.Stores": {
        "type": "Transitive",
        "resolved": "10.0.7",
        "contentHash": "zDsolTKiYBP29zxszqNMpecPDkuJtq0JCh4rqXZryGQV+azGDBpCZ7DyUpKk2Pp8Ea3pKaXttZZJRy7c3ay+UA==",
        "dependencies": {
          "Microsoft.Extensions.Caching.Abstractions": "10.0.7",
          "Microsoft.Extensions.Identity.Core": "10.0.7",
          "Microsoft.Extensions.Logging": "10.0.7"
        }
      },
      "Microsoft.Extensions.Logging": {
        "type": "Transitive",
        "resolved": "10.0.7",
        "contentHash": "hOeRIQ63GkgiYCB/MIFp+LQs8aXpJXpB55t6Aj37ab7t2/6WeFcPXxYM9hdy/o5tffzwf8mhqzLJP6mjGYCxjw==",
        "dependencies": {
          "Microsoft.Extensions.DependencyInjection": "10.0.7",
          "Microsoft.Extensions.Logging.Abstractions": "10.0.7",
          "Microsoft.Extensions.Options": "10.0.7"
        }
      },
      "Microsoft.Extensions.Logging.Abstractions": {
        "type": "Transitive",
        "resolved": "10.0.7",
        "contentHash": "tIEcQ2gvERrH2KiCjdsVcHGhXt9lIsuDStfOIeZWr7/fP8IXhGiYfx0/80PNI7WPO2IYuFtlZLSlnTS8+/Mchw==",
        "dependencies": {
          "Microsoft.Extensions.DependencyInjection.Abstractions": "10.0.7"
        }
      },
      "Microsoft.Extensions.Options": {
        "type": "Transitive",
        "resolved": "10.0.7",
        "contentHash": "00SHUGTh2jSMvIr6x9Xwd2nE+B5/qFCO/9hDwUDhJsjYRDlADmaBZ7tqehXzBDsfjHSXJzuRHJzPYPPjphBQ7Q==",
        "dependencies": {
          "Microsoft.Extensions.DependencyInjection.Abstractions": "10.0.7",
          "Microsoft.Extensions.Primitives": "10.0.7"
        }
      },
      "Microsoft.Extensions.Options.ConfigurationExtensions": {
        "type": "Transitive",
        "resolved": "10.0.7",
        "contentHash": "IT7f+EMXZtkjatEcF+o6aOw/7OE4etRrMiDGEWH/iiTu2R3uhC4NEQJCfHiibtX45U3sIQ5Fh6tbb1qaOz3YAg==",
        "dependencies": {
          "Microsoft.Extensions.Configuration.Abstractions": "10.0.7",
          "Microsoft.Extensions.Configuration.Binder": "10.0.7",
          "Microsoft.Extensions.DependencyInjection.Abstractions": "10.0.7",
          "Microsoft.Extensions.Options": "10.0.7",
          "Microsoft.Extensions.Primitives": "10.0.7"
        }
      },
      "Microsoft.Extensions.Primitives": {
        "type": "Transitive",
        "resolved": "10.0.7",
        "contentHash": "D5M0Jr551iTgwkZMN9rm0pSkgNLj5quUWQUmQPMZh7k/bnvZTnXRGfE2KuvXf1EEjt/ofD9yw9IumpgdP9QCnw=="
      },
      "Microsoft.IdentityModel.Abstractions": {
        "type": "Transitive",
        "resolved": "8.0.1",
        "contentHash": "OtlIWcyX01olfdevPKZdIPfBEvbcioDyBiE/Z2lHsopsMD7twcKtlN9kMevHmI5IIPhFpfwCIiR6qHQz1WHUIw=="
      },
      "Microsoft.IdentityModel.JsonWebTokens": {
        "type": "Transitive",
        "resolved": "8.0.1",
        "contentHash": "s6++gF9x0rQApQzOBbSyp4jUaAlwm+DroKfL8gdOHxs83k8SJfUXhuc46rDB3rNXBQ1MVRxqKUrqFhO/M0E97g==",
        "dependencies": {
          "Microsoft.IdentityModel.Tokens": "8.0.1"
        }
      },
      "Microsoft.IdentityModel.Logging": {
        "type": "Transitive",
        "resolved": "8.0.1",
        "contentHash": "UCPF2exZqBXe7v/6sGNiM6zCQOUXXQ9+v5VTb9gPB8ZSUPnX53BxlN78v2jsbIvK9Dq4GovQxo23x8JgWvm/Qg==",
        "dependencies": {
          "Microsoft.IdentityModel.Abstractions": "8.0.1"
        }
      },
      "Microsoft.IdentityModel.Protocols": {
        "type": "Transitive",
        "resolved": "8.0.1",
        "contentHash": "uA2vpKqU3I2mBBEaeJAWPTjT9v1TZrGWKdgK6G5qJd03CLx83kdiqO9cmiK8/n1erkHzFBwU/RphP83aAe3i3g==",
        "dependencies": {
          "Microsoft.IdentityModel.Tokens": "8.0.1"
        }
      },
      "Microsoft.IdentityModel.Protocols.OpenIdConnect": {
        "type": "Transitive",
        "resolved": "8.0.1",
        "contentHash": "AQDbfpL+yzuuGhO/mQhKNsp44pm5Jv8/BI4KiFXR7beVGZoSH35zMV3PrmcfvSTsyI6qrcR898NzUauD6SRigg==",
        "dependencies": {
          "Microsoft.IdentityModel.Protocols": "8.0.1",
          "System.IdentityModel.Tokens.Jwt": "8.0.1"
        }
      },
      "Microsoft.IdentityModel.Tokens": {
        "type": "Transitive",
        "resolved": "8.0.1",
        "contentHash": "kDimB6Dkd3nkW2oZPDkMkVHfQt3IDqO5gL0oa8WVy3OP4uE8Ij+8TXnqg9TOd9ufjsY3IDiGz7pCUbnfL18tjg==",
        "dependencies": {
          "Microsoft.IdentityModel.Logging": "8.0.1"
        }
      },
      "Microsoft.VisualStudio.SolutionPersistence": {
        "type": "Transitive",
        "resolved": "1.0.52",
        "contentHash": "oNv2JtYXhpdJrX63nibx1JT3uCESOBQ1LAk7Dtz/sr0+laW0KRM6eKp4CZ3MHDR2siIkKsY8MmUkeP5DKkQQ5w=="
      },
      "Mono.TextTemplating": {
        "type": "Transitive",
        "resolved": "3.0.0",
        "contentHash": "YqueG52R/Xej4VVbKuRIodjiAhV0HR/XVbLbNrJhCZnzjnSjgMJ/dCdV0akQQxavX6hp/LC6rqLGLcXeQYU7XA==",
        "dependencies": {
          "System.CodeDom": "6.0.0"
        }
      },
      "NaturalSort.Extension": {
        "type": "Transitive",
        "resolved": "4.4.1",
        "contentHash": "uDl8qdX7SGEGAvczy0qZw00ekEmCFz1KAyDf9H6AykZhplfWT9xfZDryGGp0HkGkeUZ6HL4iLUjZp/NgciktGw=="
      },
      "NetTopologySuite": {
        "type": "Transitive",
        "resolved": "2.6.0",
        "contentHash": "1B1OTacTd4QtFyBeuIOcThwSSLUdRZU3bSFIwM8vk36XiZlBMi3K36u74e4OqwwHRHUuJC1PhbDx4hyI266X1Q=="
      },
      "NetTopologySuite.IO.SpatiaLite": {
        "type": "Transitive",
        "resolved": "2.0.0",
        "contentHash": "nT8ep51zgrTPEtRG+Cxeoi585uFlzmCmJz+xl35ima1xWCk4KuRuLtCEswy8RQkApmeaawAAfsTsa83sgmT4xw==",
        "dependencies": {
          "NetTopologySuite": "[2.0.0, 3.0.0-A)"
        }
      },
      "Newtonsoft.Json": {
        "type": "Transitive",
        "resolved": "13.0.3",
        "contentHash": "HrC5BXdl00IP9zeV+0Z848QWPAoCr9P3bDEZguI+gkLcBKAOxix/tLEAAHC+UvDNPv4a2d18lOReHMOagPa+zQ=="
      },
      "PasswordGenerator": {
        "type": "Transitive",
        "resolved": "2.1.0",
        "contentHash": "G70cCeAOYCk/uTuFw5PBGpYY9kmBZyzld7tphachvyU514PowMRDYyKwTefxIHNGWrhXY2d1DV5B1tDEnTtY3A=="
      },
      "Quartz": {
        "type": "Transitive",
        "resolved": "3.17.0",
        "contentHash": "Ko3I49Yz1DqlxWi+fXqdG0FYJlHyGnra86m9RSlhPjIoXy7ip8FxyYJ70HcHc5s3xije0QvX81qG2dlxLEI7hQ==",
        "dependencies": {
          "Microsoft.Extensions.Logging.Abstractions": "2.1.1"
        }
      },
      "Serilog": {
        "type": "Transitive",
        "resolved": "4.3.1",
        "contentHash": "savYe7h5yRlkqBVOwP8cIRDOdqKiPmYCU4W87JH38sBmcKD5EBoXvQIw6bNEvZ/pTe1gsiye3VFCzBsoppGkXQ=="
      },
      "Serilog.Enrichers.Sensitive": {
        "type": "Transitive",
        "resolved": "2.1.0",
        "contentHash": "nlaEYMoHjJqncjQgc0Nv4LOIkAwUt4Nvmx3EMNjY4MKC7QqZs9zB0v/NwFnaWzLF7qztc7mna1bjn20Auohu0g=="
      },
      "Serilog.Expressions": {
        "type": "Transitive",
        "resolved": "5.0.0",
        "contentHash": "QhZjXtUcA2QfQRA60m+DfyIfidKsQV7HBstbYEDqzJKMbJH/KnKthkkjciRuYrmFE+scWv1JibC5LlXrdtOUmw==",
        "dependencies": {
          "Serilog": "4.0.0"
        }
      },
      "Serilog.Sinks.Console": {
        "type": "Transitive",
        "resolved": "6.1.1",
        "contentHash": "8jbqgjUyZlfCuSTaJk6lOca465OndqOz3KZP6Cryt/IqZYybyBu7GP0fE/AXBzrrQB3EBmQntBFAvMVz1COvAA==",
        "dependencies": {
          "Serilog": "4.0.0"
        }
      },
      "Serilog.Sinks.Console.LogThemes": {
        "type": "Transitive",
        "resolved": "0.4.0",
        "contentHash": "w7OLGCJXM7QPvacr52IyKI9lQIEo7VE9az7lyDH7sfeygpQGQbxMzU7uWFVDMYoQv+XRZ0KFvy8jGZQtjjH8Ew==",
        "dependencies": {
          "Serilog.Sinks.Console": "4.1.0"
        }
      },
      "Serilog.Sinks.Debug": {
        "type": "Transitive",
        "resolved": "3.0.0",
        "contentHash": "4BzXcdrgRX7wde9PmHuYd9U6YqycCC28hhpKonK7hx0wb19eiuRj16fPcPSVp0o/Y1ipJuNLYQ00R3q2Zs8FDA==",
        "dependencies": {
          "Serilog": "4.0.0"
        }
      },
      "Serilog.Sinks.File": {
        "type": "Transitive",
        "resolved": "7.0.0",
        "contentHash": "fKL7mXv7qaiNBUC71ssvn/dU0k9t0o45+qm2XgKAlSt19xF+ijjxyA3R6HmCgfKEKwfcfkwWjayuQtRueZFkYw==",
        "dependencies": {
          "Serilog": "4.2.0"
        }
      },
      "Serilog.Sinks.Seq": {
        "type": "Transitive",
        "resolved": "9.0.0",
        "contentHash": "aNU8A0K322q7+voPNmp1/qNPH+9QK8xvM1p72sMmCG0wGlshFzmtDW9QnVSoSYCj0MgQKcMOlgooovtBhRlNHw==",
        "dependencies": {
          "Serilog": "4.2.0",
          "Serilog.Sinks.File": "6.0.0"
        }
      },
      "Serilog.Sinks.TestCorrelator": {
        "type": "Transitive",
        "resolved": "4.0.0",
        "contentHash": "jGedEvMtohtUTmRix+P4aR7bsz9h+LqCIrF9oBPz90Q68r2pCeXkipWD3dvLopTFsNWSJDHlZpkosPy/xFUshg==",
        "dependencies": {
          "Serilog": "3.1.1",
          "System.Reactive": "6.0.1"
        }
      },
      "SQLitePCLRaw.bundle_e_sqlite3": {
        "type": "Transitive",
        "resolved": "2.1.11",
        "contentHash": "DC4nA7yWnf4UZdgJDF+9Mus4/cb0Y3Sfgi3gDnAoKNAIBwzkskNAbNbyu+u4atT0ruVlZNJfwZmwiEwE5oz9LQ==",
        "dependencies": {
          "SQLitePCLRaw.lib.e_sqlite3": "2.1.11",
          "SQLitePCLRaw.provider.e_sqlite3": "2.1.11"
        }
      },
      "SQLitePCLRaw.core": {
        "type": "Transitive",
        "resolved": "2.1.11",
        "contentHash": "PK0GLFkfhZzLQeR3PJf71FmhtHox+U3vcY6ZtswoMjrefkB9k6ErNJEnwXqc5KgXDSjige2XXrezqS39gkpQKA=="
      },
      "SQLitePCLRaw.lib.e_sqlite3": {
        "type": "Transitive",
        "resolved": "2.1.11",
        "contentHash": "Ev2ytaXiOlWZ4b3R67GZBsemTINslLD1DCJr2xiacpn4tbapu0Q4dHEzSvZSMnVWeE5nlObU3VZN2p81q3XOYQ=="
      },
      "SQLitePCLRaw.provider.e_sqlite3": {
        "type": "Transitive",
        "resolved": "2.1.11",
        "contentHash": "Y/0ZkR+r0Cg3DQFuCl1RBnv/tmxpIZRU3HUvelPw6MVaKHwYYR8YNvgs0vuNuXCMvlyJ+Fh88U1D4tah1tt6qw==",
        "dependencies": {
          "SQLitePCLRaw.core": "2.1.11"
        }
      },
      "System.CodeDom": {
        "type": "Transitive",
        "resolved": "6.0.0",
        "contentHash": "CPc6tWO1LAer3IzfZufDBRL+UZQcj5uS207NHALQzP84Vp/z6wF0Aa0YZImOQY8iStY0A2zI/e3ihKNPfUm8XA=="
      },
      "System.ComponentModel.Annotations": {
        "type": "Transitive",
        "resolved": "5.0.0",
        "contentHash": "dMkqfy2el8A8/I76n2Hi1oBFEbG1SfxD2l5nhwXV3XjlnOmwxJlQbYpJH4W51odnU9sARCSAgv7S3CyAFMkpYg=="
      },
      "System.Composition": {
        "type": "Transitive",
        "resolved": "9.0.0",
        "contentHash": "3Djj70fFTraOarSKmRnmRy/zm4YurICm+kiCtI0dYRqGJnLX6nJ+G3WYuFJ173cAPax/gh96REcbNiVqcrypFQ==",
        "dependencies": {
          "System.Composition.AttributedModel": "9.0.0",
          "System.Composition.Convention": "9.0.0",
          "System.Composition.Hosting": "9.0.0",
          "System.Composition.Runtime": "9.0.0",
          "System.Composition.TypedParts": "9.0.0"
        }
      },
      "System.Composition.AttributedModel": {
        "type": "Transitive",
        "resolved": "9.0.0",
        "contentHash": "iri00l/zIX9g4lHMY+Nz0qV1n40+jFYAmgsaiNn16xvt2RDwlqByNG4wgblagnDYxm3YSQQ0jLlC/7Xlk9CzyA=="
      },
      "System.Composition.Convention": {
        "type": "Transitive",
        "resolved": "9.0.0",
        "contentHash": "+vuqVP6xpi582XIjJi6OCsIxuoTZfR0M7WWufk3uGDeCl3wGW6KnpylUJ3iiXdPByPE0vR5TjJgR6hDLez4FQg==",
        "dependencies": {
          "System.Composition.AttributedModel": "9.0.0"
        }
      },
      "System.Composition.Hosting": {
        "type": "Transitive",
        "resolved": "9.0.0",
        "contentHash": "OFqSeFeJYr7kHxDfaViGM1ymk7d4JxK//VSoNF9Ux0gpqkLsauDZpu89kTHHNdCWfSljbFcvAafGyBoY094btQ==",
        "dependencies": {
          "System.Composition.Runtime": "9.0.0"
        }
      },
      "System.Composition.Runtime": {
        "type": "Transitive",
        "resolved": "9.0.0",
        "contentHash": "w1HOlQY1zsOWYussjFGZCEYF2UZXgvoYnS94NIu2CBnAGMbXFAX8PY8c92KwUItPmowal68jnVLBCzdrWLeEKA=="
      },
      "System.Composition.TypedParts": {
        "type": "Transitive",
        "resolved": "9.0.0",
        "contentHash": "aRZlojCCGEHDKqh43jaDgaVpYETsgd7Nx4g1zwLKMtv4iTo0627715ajEFNpEEBTgLmvZuv8K0EVxc3sM4NWJA==",
        "dependencies": {
          "System.Composition.AttributedModel": "9.0.0",
          "System.Composition.Hosting": "9.0.0",
          "System.Composition.Runtime": "9.0.0"
        }
      },
      "System.IdentityModel.Tokens.Jwt": {
        "type": "Transitive",
        "resolved": "8.0.1",
        "contentHash": "GJw3bYkWpOgvN3tJo5X4lYUeIFA2HD293FPUhKmp7qxS+g5ywAb34Dnd3cDAFLkcMohy5XTpoaZ4uAHuw0uSPQ==",
        "dependencies": {
          "Microsoft.IdentityModel.JsonWebTokens": "8.0.1",
          "Microsoft.IdentityModel.Tokens": "8.0.1"
        }
      },
      "System.Reactive": {
        "type": "Transitive",
        "resolved": "6.1.0",
        "contentHash": "M5cCC1ZMkZr9jbSQGTHnVkb5TDN67qWCV7AP8TAHdGkvDlu0puT5NzemESNn9+HkYIDpWpocP68/i+/ame2/2w=="
      },
      "System.Security.Cryptography.Pkcs": {
        "type": "Transitive",
        "resolved": "10.0.7",
        "contentHash": "dbdKfF3eA5l+CXiAbDxiCxdezoxeanbue1ck8m49ih1L9uZG6ry8Ul8On6vpragyMDJJP4rQHUY/SWgk66tCYA=="
      },
      "System.Security.Cryptography.Xml": {
        "type": "Transitive",
        "resolved": "10.0.7",
        "contentHash": "wG/+ospsC2oR6j7INYh2V5/CWR6Cpt1Zjkxbo0lfovoi/2RpIcGZPVXOPBNVrI5fmrrji0mdNgez+FClDsIuYA==",
        "dependencies": {
          "System.Security.Cryptography.Pkcs": "10.0.7"
        }
      },
      "Xdg.Directories": {
        "type": "Transitive",
        "resolved": "0.1.2",
        "contentHash": "Zhw6wmXwdLkhCvgBfVd9D8UL62IF2xnmbWDckQVoZMT9lBKCuVLwaVrkXhhJtP6pxcRaf7caauNCWOUngoPNsQ=="
      },
      "Reaparr.Application.Contracts": {
        "type": "Project",
        "dependencies": {
          "Quartz": "[3.17.0, )",
          "Reaparr.Domain": "[0.36.0-dev.1, )"
        }
      },
      "Reaparr.Data.Contracts": {
        "type": "Project",
        "dependencies": {
          "EFCore.BulkExtensions.SQLite": "[10.0.1, )",
          "Microsoft.EntityFrameworkCore": "[10.0.6, )",
          "Reaparr.Application.Contracts": "[0.36.0-dev.1, )",
          "Reaparr.Domain": "[0.36.0-dev.1, )"
        }
      },
      "Reaparr.Domain": {
        "type": "Project",
        "dependencies": {
          "ByteSize": "[2.1.2, )",
          "FastEndpoints": "[8.1.0, )",
          "Flurl": "[4.0.0, )",
          "JetBrains.Annotations": "[2025.2.4, )",
          "NaturalSort.Extension": "[4.4.1, )",
          "PasswordGenerator": "[2.1.0, )",
          "Reaparr.FluentResultExtensions": "[0.36.0-dev.1, )",
          "System.ComponentModel.Annotations": "[5.0.0, )",
          "System.Reactive": "[6.1.0, )"
        }
      },
      "Reaparr.Environment": {
        "type": "Project",
        "dependencies": {
          "Autofac": "[9.1.0, )",
          "Serilog": "[4.3.1, )",
          "Xdg.Directories": "[0.1.2, )"
        }
      },
      "Reaparr.FluentResultExtensions": {
        "type": "Project",
        "dependencies": {
          "FluentResults": "[4.0.0, )",
          "FluentValidation": "[12.1.1, )",
          "Reaparr.Logging": "[0.36.0-dev.1, )"
        }
      },
      "Reaparr.Identity.Contracts": {
        "type": "Project",
        "dependencies": {
          "Microsoft.AspNetCore.DataProtection.EntityFrameworkCore": "[10.0.7, )",
          "Microsoft.AspNetCore.Identity.EntityFrameworkCore": "[10.0.7, )",
          "Reaparr.Data.Contracts": "[0.36.0-dev.1, )"
        }
      },
      "Reaparr.Logging": {
        "type": "Project",
        "dependencies": {
          "Autofac": "[9.1.0, )",
          "FluentResults": "[4.0.0, )",
          "Microsoft.AspNetCore.Http.Abstractions": "[2.3.9, )",
          "Reaparr.Environment": "[0.36.0-dev.1, )",
          "Serilog": "[4.3.1, )",
          "Serilog.Enrichers.Sensitive": "[2.1.0, )",
          "Serilog.Expressions": "[5.0.0, )",
          "Serilog.Sinks.Console": "[6.1.1, )",
          "Serilog.Sinks.Console.LogThemes": "[0.4.0, )",
          "Serilog.Sinks.Debug": "[3.0.0, )",
          "Serilog.Sinks.File": "[7.0.0, )",
          "Serilog.Sinks.Seq": "[9.0.0, )",
          "Serilog.Sinks.TestCorrelator": "[4.0.0, )"
        }
      }
    },
    "net10.0/linux-x64": {
      "SQLitePCLRaw.lib.e_sqlite3": {
        "type": "Transitive",
        "resolved": "2.1.11",
        "contentHash": "Ev2ytaXiOlWZ4b3R67GZBsemTINslLD1DCJr2xiacpn4tbapu0Q4dHEzSvZSMnVWeE5nlObU3VZN2p81q3XOYQ=="
      },
      "System.Security.Cryptography.Pkcs": {
        "type": "Transitive",
        "resolved": "10.0.7",
        "contentHash": "dbdKfF3eA5l+CXiAbDxiCxdezoxeanbue1ck8m49ih1L9uZG6ry8Ul8On6vpragyMDJJP4rQHUY/SWgk66tCYA=="
      }
    }
  }
}