
Microsoft Visual Studio Solution File, Format Version 12.00
Project("{FAE04EC0-301F-11D3-BF4B-00C04F79EFBC}") = "Application.IntegrationTests", "Applicaton.IntegrationTests\Application.IntegrationTests.csproj", "{67CDF0D1-DCA6-4D8B-A410-4A52BEDC8AB0}"
EndProject
Project("{FAE04EC0-301F-11D3-BF4B-00C04F79EFBC}") = "DownloadManager.IntegrationTests", "DownloadManager.IntegrationTests\DownloadManager.IntegrationTests.csproj", "{BC8F3457-A6B2-43BA-8A21-B0287A9E21F1}"
EndProject
Project("{FAE04EC0-301F-11D3-BF4B-00C04F79EFBC}") = "BackgroundServices.IntegrationTests", "BackgroundServices.IntegrationTests\BackgroundServices.IntegrationTests.csproj", "{431E2E40-2A62-494B-931E-5CA7A55B34B7}"
EndProject
Project("{FAE04EC0-301F-11D3-BF4B-00C04F79EFBC}") = "BaseTests.IntegrationTests", "BaseTests.IntegrationTests\BaseTests.IntegrationTests.csproj", "{770B2EC2-726C-41B7-8399-1DD43A615DAE}"
EndProject
Project("{FAE04EC0-301F-11D3-BF4B-00C04F79EFBC}") = "Logging.IntegrationTests", "Logging.IntegrationTests\Logging.IntegrationTests.csproj", "{8EBC8CD4-1850-4EC7-971C-BD2909BE72CC}"
EndProject
Project("{FAE04EC0-301F-11D3-BF4B-00C04F79EFBC}") = "PlexApi.IntegrationTests", "PlexApi.IntegrationTests\PlexApi.IntegrationTests.csproj", "{009A52A3-191D-4FF4-AEC6-5875B7CF39F0}"
EndProject
Project("{FAE04EC0-301F-11D3-BF4B-00C04F79EFBC}") = "Settings.IntegrationProject", "Settings.IntegrationProject\Settings.IntegrationProject.csproj", "{3E0CD526-4175-4195-A27A-197D4B34A5F8}"
EndProject
Project("{FAE04EC0-301F-11D3-BF4B-00C04F79EFBC}") = "WebAPI.IntegrationTests", "WebAPI.IntegrationTests\WebAPI.IntegrationTests.csproj", "{62D69C73-814A-4E04-BEB0-C6F13D8A4039}"
EndProject
Global
	GlobalSection(SolutionConfigurationPlatforms) = preSolution
		Debug|Any CPU = Debug|Any CPU
		Release|Any CPU = Release|Any CPU
	EndGlobalSection
	GlobalSection(ProjectConfigurationPlatforms) = postSolution
		{67CDF0D1-DCA6-4D8B-A410-4A52BEDC8AB0}.Debug|Any CPU.ActiveCfg = Debug|Any CPU
		{67CDF0D1-DCA6-4D8B-A410-4A52BEDC8AB0}.Debug|Any CPU.Build.0 = Debug|Any CPU
		{67CDF0D1-DCA6-4D8B-A410-4A52BEDC8AB0}.Release|Any CPU.ActiveCfg = Release|Any CPU
		{67CDF0D1-DCA6-4D8B-A410-4A52BEDC8AB0}.Release|Any CPU.Build.0 = Release|Any CPU
		{BC8F3457-A6B2-43BA-8A21-B0287A9E21F1}.Debug|Any CPU.ActiveCfg = Debug|Any CPU
		{BC8F3457-A6B2-43BA-8A21-B0287A9E21F1}.Debug|Any CPU.Build.0 = Debug|Any CPU
		{BC8F3457-A6B2-43BA-8A21-B0287A9E21F1}.Release|Any CPU.ActiveCfg = Release|Any CPU
		{BC8F3457-A6B2-43BA-8A21-B0287A9E21F1}.Release|Any CPU.Build.0 = Release|Any CPU
		{431E2E40-2A62-494B-931E-5CA7A55B34B7}.Debug|Any CPU.ActiveCfg = Debug|Any CPU
		{431E2E40-2A62-494B-931E-5CA7A55B34B7}.Debug|Any CPU.Build.0 = Debug|Any CPU
		{431E2E40-2A62-494B-931E-5CA7A55B34B7}.Release|Any CPU.ActiveCfg = Release|Any CPU
		{431E2E40-2A62-494B-931E-5CA7A55B34B7}.Release|Any CPU.Build.0 = Release|Any CPU
		{770B2EC2-726C-41B7-8399-1DD43A615DAE}.Debug|Any CPU.ActiveCfg = Debug|Any CPU
		{770B2EC2-726C-41B7-8399-1DD43A615DAE}.Debug|Any CPU.Build.0 = Debug|Any CPU
		{770B2EC2-726C-41B7-8399-1DD43A615DAE}.Release|Any CPU.ActiveCfg = Release|Any CPU
		{770B2EC2-726C-41B7-8399-1DD43A615DAE}.Release|Any CPU.Build.0 = Release|Any CPU
		{8EBC8CD4-1850-4EC7-971C-BD2909BE72CC}.Debug|Any CPU.ActiveCfg = Debug|Any CPU
		{8EBC8CD4-1850-4EC7-971C-BD2909BE72CC}.Debug|Any CPU.Build.0 = Debug|Any CPU
		{8EBC8CD4-1850-4EC7-971C-BD2909BE72CC}.Release|Any CPU.ActiveCfg = Release|Any CPU
		{8EBC8CD4-1850-4EC7-971C-BD2909BE72CC}.Release|Any CPU.Build.0 = Release|Any CPU
		{009A52A3-191D-4FF4-AEC6-5875B7CF39F0}.Debug|Any CPU.ActiveCfg = Debug|Any CPU
		{009A52A3-191D-4FF4-AEC6-5875B7CF39F0}.Debug|Any CPU.Build.0 = Debug|Any CPU
		{009A52A3-191D-4FF4-AEC6-5875B7CF39F0}.Release|Any CPU.ActiveCfg = Release|Any CPU
		{009A52A3-191D-4FF4-AEC6-5875B7CF39F0}.Release|Any CPU.Build.0 = Release|Any CPU
		{3E0CD526-4175-4195-A27A-197D4B34A5F8}.Debug|Any CPU.ActiveCfg = Debug|Any CPU
		{3E0CD526-4175-4195-A27A-197D4B34A5F8}.Debug|Any CPU.Build.0 = Debug|Any CPU
		{3E0CD526-4175-4195-A27A-197D4B34A5F8}.Release|Any CPU.ActiveCfg = Release|Any CPU
		{3E0CD526-4175-4195-A27A-197D4B34A5F8}.Release|Any CPU.Build.0 = Release|Any CPU
		{62D69C73-814A-4E04-BEB0-C6F13D8A4039}.Debug|Any CPU.ActiveCfg = Debug|Any CPU
		{62D69C73-814A-4E04-BEB0-C6F13D8A4039}.Debug|Any CPU.Build.0 = Debug|Any CPU
		{62D69C73-814A-4E04-BEB0-C6F13D8A4039}.Release|Any CPU.ActiveCfg = Release|Any CPU
		{62D69C73-814A-4E04-BEB0-C6F13D8A4039}.Release|Any CPU.Build.0 = Release|Any CPU
	EndGlobalSection
EndGlobal
