
Microsoft Visual Studio Solution File, Format Version 12.00
Project("{FAE04EC0-301F-11D3-BF4B-00C04F79EFBC}") = "Application.UnitTests", "Application.UnitTests\Application.UnitTests.csproj", "{D1F2DF19-65E2-4E98-9A02-562C34EDD7D8}"
EndProject
Project("{FAE04EC0-301F-11D3-BF4B-00C04F79EFBC}") = "FluentResultExtension.UnitTests", "FluentResultExtension.UnitTests\FluentResultExtension.UnitTests.csproj", "{825303AA-9C0E-4F96-844F-92AB503CF5EF}"
EndProject
Project("{FAE04EC0-301F-11D3-BF4B-00C04F79EFBC}") = "PlexApi.UnitTests", "PlexApi.UnitTests\PlexApi.UnitTests.csproj", "{AFE5C3BF-E6C5-4364-9AFB-F0E096CAC588}"
EndProject
Project("{FAE04EC0-301F-11D3-BF4B-00C04F79EFBC}") = "Settings.UnitTests", "Settings.UnitTests\Settings.UnitTests.csproj", "{2F8310F2-2374-4EBE-9A00-FEECCD4DDCFC}"
EndProject
Project("{FAE04EC0-301F-11D3-BF4B-00C04F79EFBC}") = "Data.UnitTests", "Data.UnitTests\Data.UnitTests.csproj", "{00719205-85E3-4EE0-9C9F-DBDE35E72542}"
EndProject
Project("{FAE04EC0-301F-11D3-BF4B-00C04F79EFBC}") = "Logging.UnitTests", "Logging.UnitTests\Logging.UnitTests.csproj", "{9F6AAFD1-599F-453D-A24C-DAF033353503}"
EndProject
Project("{FAE04EC0-301F-11D3-BF4B-00C04F79EFBC}") = "DownloadManager.UnitTests", "DownloadManager.UnitTests\DownloadManager.UnitTests.csproj", "{54C652D7-A2B1-4A7C-ADE8-56499492E87D}"
EndProject
Project("{FAE04EC0-301F-11D3-BF4B-00C04F79EFBC}") = "BaseTests.UnitTests", "BaseTests.UnitTests\BaseTests.UnitTests.csproj", "{9D152C95-8D8F-4988-9D2B-40B52B80C776}"
EndProject
Project("{FAE04EC0-301F-11D3-BF4B-00C04F79EFBC}") = "Domain.UnitTests", "Domain.UnitTests\Domain.UnitTests.csproj", "{FEDECF90-F6FC-41FD-987F-B0B7B3F9D2BC}"
EndProject
Project("{2150E333-8FDC-42A3-9474-1A3956D46DE8}") = "UnitTests", "UnitTests", "{71D60942-69EA-4C1D-920C-ADEEEE11CEC1}"
EndProject
Project("{2150E333-8FDC-42A3-9474-1A3956D46DE8}") = "IntegrationTests", "IntegrationTests", "{29B74960-316E-45FE-9E0F-DE92E5FD49AB}"
EndProject
Project("{FAE04EC0-301F-11D3-BF4B-00C04F79EFBC}") = "WebAPI.IntegrationTests", "..\IntegrationTests\WebAPI.IntegrationTests\WebAPI.IntegrationTests.csproj", "{0ED69CC7-D541-41D7-8BB8-26079F87FEC2}"
EndProject
Project("{FAE04EC0-301F-11D3-BF4B-00C04F79EFBC}") = "BaseTests.IntegrationTests", "..\IntegrationTests\BaseTests.IntegrationTests\BaseTests.IntegrationTests.csproj", "{8B391712-0F1A-4FBA-BCC3-067F2618A5EF}"
EndProject
Project("{FAE04EC0-301F-11D3-BF4B-00C04F79EFBC}") = "Application.IntegrationTests", "..\IntegrationTests\Applicaton.IntegrationTests\Application.IntegrationTests.csproj", "{D3F17E6B-D850-4DA2-A469-5B9D112CBC40}"
EndProject
Project("{FAE04EC0-301F-11D3-BF4B-00C04F79EFBC}") = "PlexApi.IntegrationTests", "..\IntegrationTests\PlexApi.IntegrationTests\PlexApi.IntegrationTests.csproj", "{8AB9714B-F2E9-45F5-847A-646E76788960}"
EndProject
Project("{FAE04EC0-301F-11D3-BF4B-00C04F79EFBC}") = "DownloadManager.IntegrationTests", "..\IntegrationTests\DownloadManager.IntegrationTests\DownloadManager.IntegrationTests.csproj", "{DD82F6E6-75EF-4F0F-B25D-265FD139652E}"
EndProject
Global
	GlobalSection(SolutionConfigurationPlatforms) = preSolution
		Debug|Any CPU = Debug|Any CPU
		Release|Any CPU = Release|Any CPU
	EndGlobalSection
	GlobalSection(ProjectConfigurationPlatforms) = postSolution
		{D1F2DF19-65E2-4E98-9A02-562C34EDD7D8}.Debug|Any CPU.ActiveCfg = Debug|Any CPU
		{D1F2DF19-65E2-4E98-9A02-562C34EDD7D8}.Debug|Any CPU.Build.0 = Debug|Any CPU
		{D1F2DF19-65E2-4E98-9A02-562C34EDD7D8}.Release|Any CPU.ActiveCfg = Release|Any CPU
		{D1F2DF19-65E2-4E98-9A02-562C34EDD7D8}.Release|Any CPU.Build.0 = Release|Any CPU
		{825303AA-9C0E-4F96-844F-92AB503CF5EF}.Debug|Any CPU.ActiveCfg = Debug|Any CPU
		{825303AA-9C0E-4F96-844F-92AB503CF5EF}.Debug|Any CPU.Build.0 = Debug|Any CPU
		{825303AA-9C0E-4F96-844F-92AB503CF5EF}.Release|Any CPU.ActiveCfg = Release|Any CPU
		{825303AA-9C0E-4F96-844F-92AB503CF5EF}.Release|Any CPU.Build.0 = Release|Any CPU
		{AFE5C3BF-E6C5-4364-9AFB-F0E096CAC588}.Debug|Any CPU.ActiveCfg = Debug|Any CPU
		{AFE5C3BF-E6C5-4364-9AFB-F0E096CAC588}.Debug|Any CPU.Build.0 = Debug|Any CPU
		{AFE5C3BF-E6C5-4364-9AFB-F0E096CAC588}.Release|Any CPU.ActiveCfg = Release|Any CPU
		{AFE5C3BF-E6C5-4364-9AFB-F0E096CAC588}.Release|Any CPU.Build.0 = Release|Any CPU
		{2F8310F2-2374-4EBE-9A00-FEECCD4DDCFC}.Debug|Any CPU.ActiveCfg = Debug|Any CPU
		{2F8310F2-2374-4EBE-9A00-FEECCD4DDCFC}.Debug|Any CPU.Build.0 = Debug|Any CPU
		{2F8310F2-2374-4EBE-9A00-FEECCD4DDCFC}.Release|Any CPU.ActiveCfg = Release|Any CPU
		{2F8310F2-2374-4EBE-9A00-FEECCD4DDCFC}.Release|Any CPU.Build.0 = Release|Any CPU
		{00719205-85E3-4EE0-9C9F-DBDE35E72542}.Debug|Any CPU.ActiveCfg = Debug|Any CPU
		{00719205-85E3-4EE0-9C9F-DBDE35E72542}.Debug|Any CPU.Build.0 = Debug|Any CPU
		{00719205-85E3-4EE0-9C9F-DBDE35E72542}.Release|Any CPU.ActiveCfg = Release|Any CPU
		{00719205-85E3-4EE0-9C9F-DBDE35E72542}.Release|Any CPU.Build.0 = Release|Any CPU
		{9F6AAFD1-599F-453D-A24C-DAF033353503}.Debug|Any CPU.ActiveCfg = Debug|Any CPU
		{9F6AAFD1-599F-453D-A24C-DAF033353503}.Debug|Any CPU.Build.0 = Debug|Any CPU
		{9F6AAFD1-599F-453D-A24C-DAF033353503}.Release|Any CPU.ActiveCfg = Release|Any CPU
		{9F6AAFD1-599F-453D-A24C-DAF033353503}.Release|Any CPU.Build.0 = Release|Any CPU
		{54C652D7-A2B1-4A7C-ADE8-56499492E87D}.Debug|Any CPU.ActiveCfg = Debug|Any CPU
		{54C652D7-A2B1-4A7C-ADE8-56499492E87D}.Debug|Any CPU.Build.0 = Debug|Any CPU
		{54C652D7-A2B1-4A7C-ADE8-56499492E87D}.Release|Any CPU.ActiveCfg = Release|Any CPU
		{54C652D7-A2B1-4A7C-ADE8-56499492E87D}.Release|Any CPU.Build.0 = Release|Any CPU
		{9D152C95-8D8F-4988-9D2B-40B52B80C776}.Debug|Any CPU.ActiveCfg = Debug|Any CPU
		{9D152C95-8D8F-4988-9D2B-40B52B80C776}.Debug|Any CPU.Build.0 = Debug|Any CPU
		{9D152C95-8D8F-4988-9D2B-40B52B80C776}.Release|Any CPU.ActiveCfg = Release|Any CPU
		{9D152C95-8D8F-4988-9D2B-40B52B80C776}.Release|Any CPU.Build.0 = Release|Any CPU
		{FEDECF90-F6FC-41FD-987F-B0B7B3F9D2BC}.Debug|Any CPU.ActiveCfg = Debug|Any CPU
		{FEDECF90-F6FC-41FD-987F-B0B7B3F9D2BC}.Debug|Any CPU.Build.0 = Debug|Any CPU
		{FEDECF90-F6FC-41FD-987F-B0B7B3F9D2BC}.Release|Any CPU.ActiveCfg = Release|Any CPU
		{FEDECF90-F6FC-41FD-987F-B0B7B3F9D2BC}.Release|Any CPU.Build.0 = Release|Any CPU
		{0ED69CC7-D541-41D7-8BB8-26079F87FEC2}.Debug|Any CPU.ActiveCfg = Debug|Any CPU
		{0ED69CC7-D541-41D7-8BB8-26079F87FEC2}.Debug|Any CPU.Build.0 = Debug|Any CPU
		{0ED69CC7-D541-41D7-8BB8-26079F87FEC2}.Release|Any CPU.ActiveCfg = Release|Any CPU
		{0ED69CC7-D541-41D7-8BB8-26079F87FEC2}.Release|Any CPU.Build.0 = Release|Any CPU
		{8B391712-0F1A-4FBA-BCC3-067F2618A5EF}.Debug|Any CPU.ActiveCfg = Debug|Any CPU
		{8B391712-0F1A-4FBA-BCC3-067F2618A5EF}.Debug|Any CPU.Build.0 = Debug|Any CPU
		{8B391712-0F1A-4FBA-BCC3-067F2618A5EF}.Release|Any CPU.ActiveCfg = Release|Any CPU
		{8B391712-0F1A-4FBA-BCC3-067F2618A5EF}.Release|Any CPU.Build.0 = Release|Any CPU
		{D3F17E6B-D850-4DA2-A469-5B9D112CBC40}.Debug|Any CPU.ActiveCfg = Debug|Any CPU
		{D3F17E6B-D850-4DA2-A469-5B9D112CBC40}.Debug|Any CPU.Build.0 = Debug|Any CPU
		{D3F17E6B-D850-4DA2-A469-5B9D112CBC40}.Release|Any CPU.ActiveCfg = Release|Any CPU
		{D3F17E6B-D850-4DA2-A469-5B9D112CBC40}.Release|Any CPU.Build.0 = Release|Any CPU
		{8AB9714B-F2E9-45F5-847A-646E76788960}.Debug|Any CPU.ActiveCfg = Debug|Any CPU
		{8AB9714B-F2E9-45F5-847A-646E76788960}.Debug|Any CPU.Build.0 = Debug|Any CPU
		{8AB9714B-F2E9-45F5-847A-646E76788960}.Release|Any CPU.ActiveCfg = Release|Any CPU
		{8AB9714B-F2E9-45F5-847A-646E76788960}.Release|Any CPU.Build.0 = Release|Any CPU
		{DD82F6E6-75EF-4F0F-B25D-265FD139652E}.Debug|Any CPU.ActiveCfg = Debug|Any CPU
		{DD82F6E6-75EF-4F0F-B25D-265FD139652E}.Debug|Any CPU.Build.0 = Debug|Any CPU
		{DD82F6E6-75EF-4F0F-B25D-265FD139652E}.Release|Any CPU.ActiveCfg = Release|Any CPU
		{DD82F6E6-75EF-4F0F-B25D-265FD139652E}.Release|Any CPU.Build.0 = Release|Any CPU
	EndGlobalSection
	GlobalSection(NestedProjects) = preSolution
		{D1F2DF19-65E2-4E98-9A02-562C34EDD7D8} = {71D60942-69EA-4C1D-920C-ADEEEE11CEC1}
		{9D152C95-8D8F-4988-9D2B-40B52B80C776} = {71D60942-69EA-4C1D-920C-ADEEEE11CEC1}
		{00719205-85E3-4EE0-9C9F-DBDE35E72542} = {71D60942-69EA-4C1D-920C-ADEEEE11CEC1}
		{FEDECF90-F6FC-41FD-987F-B0B7B3F9D2BC} = {71D60942-69EA-4C1D-920C-ADEEEE11CEC1}
		{54C652D7-A2B1-4A7C-ADE8-56499492E87D} = {71D60942-69EA-4C1D-920C-ADEEEE11CEC1}
		{825303AA-9C0E-4F96-844F-92AB503CF5EF} = {71D60942-69EA-4C1D-920C-ADEEEE11CEC1}
		{9F6AAFD1-599F-453D-A24C-DAF033353503} = {71D60942-69EA-4C1D-920C-ADEEEE11CEC1}
		{AFE5C3BF-E6C5-4364-9AFB-F0E096CAC588} = {71D60942-69EA-4C1D-920C-ADEEEE11CEC1}
		{2F8310F2-2374-4EBE-9A00-FEECCD4DDCFC} = {71D60942-69EA-4C1D-920C-ADEEEE11CEC1}
		{0ED69CC7-D541-41D7-8BB8-26079F87FEC2} = {29B74960-316E-45FE-9E0F-DE92E5FD49AB}
		{8B391712-0F1A-4FBA-BCC3-067F2618A5EF} = {29B74960-316E-45FE-9E0F-DE92E5FD49AB}
		{D3F17E6B-D850-4DA2-A469-5B9D112CBC40} = {29B74960-316E-45FE-9E0F-DE92E5FD49AB}
		{8AB9714B-F2E9-45F5-847A-646E76788960} = {29B74960-316E-45FE-9E0F-DE92E5FD49AB}
		{DD82F6E6-75EF-4F0F-B25D-265FD139652E} = {29B74960-316E-45FE-9E0F-DE92E5FD49AB}
	EndGlobalSection
EndGlobal
