{
  "version": 1,
  "dependencies": {
    "net10.0": {
      "CSharpier.MsBuild": {
        "type": "Direct",
        "requested": "[1.2.5, )",
        "resolved": "1.2.5",
        "contentHash": "U9csejWXDk/ZXZpigcu22KAOINQj7qNujeJFj0HsHOqKzuW9xX+eaCFFHrfjOdIDQYzslQAe9e6Gt9HGMRC/aA=="
      },
      "Autofac": {
        "type": "Transitive",
        "resolved": "9.0.0",
        "contentHash": "G8TpUMVIq1pEAMuAao8h5MKduY91SotjgK93wQb5LaxbJUVE0/XjCA6t2SOp+AkPC3GB/C2MAiF2D7krYjraFw=="
      },
      "ByteSize": {
        "type": "Transitive",
        "resolved": "2.1.2",
        "contentHash": "dSiH9B0apNU5abV3OVUs3eTfHiidEAa8IMOLGW0eEl5tB8Ba1ngkGC7RT/RGy61ifGcPzCe7DMP78KB8pA5kNg=="
      },
      "FastEndpoints": {
        "type": "Transitive",
        "resolved": "7.1.1",
        "contentHash": "fZpIQ96js1/eEe0kFf5jKG2LCLgPXg3WGrldNdylT0EH6FfL+UIVlrUm4hoTsR9v9L+2HAq+aKpu5K2B4W3DUQ==",
        "dependencies": {
          "FastEndpoints.Attributes": "7.1.1",
          "FastEndpoints.Messaging.Core": "7.1.1",
          "FluentValidation": "12.1.0"
        }
      },
      "FastEndpoints.Attributes": {
        "type": "Transitive",
        "resolved": "7.1.1",
        "contentHash": "ftsc4VFMJQopXpBSXS034ewncTulj1S/KJqqgbNJLt/Ip9VbsLwi0u7z+IZOBaZKbbszVy6sZN6ZzboTz+WhEA==",
        "dependencies": {
          "Microsoft.Extensions.Primitives": "8.0.0"
        }
      },
      "FastEndpoints.Messaging.Core": {
        "type": "Transitive",
        "resolved": "7.1.1",
        "contentHash": "x8VGhp1cxB7nqw3h6EWkLipoaimv2Vhv8NxpyFf0p4Lg+V+yBSfiaktgJ1rEHosIutoATdKcY445VYuBapnFJQ=="
      },
      "FluentResults": {
        "type": "Transitive",
        "resolved": "4.0.0",
        "contentHash": "wKfdLvDnDVhXlSreU7u/NFNHH6EfoOhAloEID4ePAyk+ZliowKZJvX+aCL4hxhFc9Jj74t62amS4LyOYTjXGCg==",
        "dependencies": {
          "Microsoft.Extensions.Logging.Abstractions": "2.1.1"
        }
      },
      "FluentValidation": {
        "type": "Transitive",
        "resolved": "12.1.1",
        "contentHash": "EPpkIe1yh1a0OXyC100oOA8WMbZvqUu5plwhvYcb7oSELfyUZzfxV48BLhvs3kKo4NwG7MGLNgy1RJiYtT8Dpw=="
      },
      "JetBrains.Annotations": {
        "type": "Transitive",
        "resolved": "2025.2.4",
        "contentHash": "TwbgxAkXxY+vNEhNVx/QXjJ4vqxmepOjsgRvvImQPbHkHMMb4W+ahL3laMsxXKtNT7iMy+E1B3xkqao2hf1n3A=="
      },
      "Microsoft.AspNetCore.Http.Abstractions": {
        "type": "Transitive",
        "resolved": "2.3.9",
        "contentHash": "ULScB/0S9+qvf+yahjR+oQUp0GrvoDHJ9XS5gTqSjLjbjUDnHaJ1s8wo3RJMpaDfb1bawX4OgQM+YmvCUveR4Q==",
        "dependencies": {
          "Microsoft.AspNetCore.Http.Features": "2.3.0"
        }
      },
      "Microsoft.AspNetCore.Http.Features": {
        "type": "Transitive",
        "resolved": "2.3.0",
        "contentHash": "f10WUgcsKqrkmnz6gt8HeZ7kyKjYN30PO7cSic1lPtH7paPtnQqXPOveul/SIPI43PhRD4trttg4ywnrEmmJpA==",
        "dependencies": {
          "Microsoft.Extensions.Primitives": "8.0.0"
        }
      },
      "Microsoft.Extensions.Logging.Abstractions": {
        "type": "Transitive",
        "resolved": "2.1.1",
        "contentHash": "XRzK7ZF+O6FzdfWrlFTi1Rgj2080ZDsd46vzOjadHUB0Cz5kOvDG8vI7caa5YFrsHQpcfn0DxtjS4E46N4FZsA=="
      },
      "Microsoft.Extensions.Primitives": {
        "type": "Transitive",
        "resolved": "8.0.0",
        "contentHash": "bXJEZrW9ny8vjMF1JV253WeLhpEVzFo1lyaZu1vQ4ZxWUlVvknZ/+ftFgVheLubb4eZPSwwxBeqS1JkCOjxd8g=="
      },
      "NaturalSort.Extension": {
        "type": "Transitive",
        "resolved": "4.4.1",
        "contentHash": "uDl8qdX7SGEGAvczy0qZw00ekEmCFz1KAyDf9H6AykZhplfWT9xfZDryGGp0HkGkeUZ6HL4iLUjZp/NgciktGw=="
      },
      "PasswordGenerator": {
        "type": "Transitive",
        "resolved": "2.1.0",
        "contentHash": "G70cCeAOYCk/uTuFw5PBGpYY9kmBZyzld7tphachvyU514PowMRDYyKwTefxIHNGWrhXY2d1DV5B1tDEnTtY3A=="
      },
      "Serilog": {
        "type": "Transitive",
        "resolved": "4.3.0",
        "contentHash": "+cDryFR0GRhsGOnZSKwaDzRRl4MupvJ42FhCE4zhQRVanX0Jpg6WuCBk59OVhVDPmab1bB+nRykAnykYELA9qQ=="
      },
      "Serilog.Enrichers.Sensitive": {
        "type": "Transitive",
        "resolved": "1.7.3",
        "contentHash": "U/38ICup0xDMDL8TjprLDCWI16MkQTPEJfWgPROFxtGjsBf+SW1W2fMfEhdiAYLGCTSFWNXmVGdVjU58Gyr0eQ=="
      },
      "Serilog.Expressions": {
        "type": "Transitive",
        "resolved": "5.0.0",
        "contentHash": "QhZjXtUcA2QfQRA60m+DfyIfidKsQV7HBstbYEDqzJKMbJH/KnKthkkjciRuYrmFE+scWv1JibC5LlXrdtOUmw==",
        "dependencies": {
          "Serilog": "4.0.0"
        }
      },
      "Serilog.Sinks.Console": {
        "type": "Transitive",
        "resolved": "6.1.1",
        "contentHash": "8jbqgjUyZlfCuSTaJk6lOca465OndqOz3KZP6Cryt/IqZYybyBu7GP0fE/AXBzrrQB3EBmQntBFAvMVz1COvAA==",
        "dependencies": {
          "Serilog": "4.0.0"
        }
      },
      "Serilog.Sinks.Console.LogThemes": {
        "type": "Transitive",
        "resolved": "0.4.0",
        "contentHash": "w7OLGCJXM7QPvacr52IyKI9lQIEo7VE9az7lyDH7sfeygpQGQbxMzU7uWFVDMYoQv+XRZ0KFvy8jGZQtjjH8Ew==",
        "dependencies": {
          "Serilog.Sinks.Console": "4.1.0"
        }
      },
      "Serilog.Sinks.Debug": {
        "type": "Transitive",
        "resolved": "3.0.0",
        "contentHash": "4BzXcdrgRX7wde9PmHuYd9U6YqycCC28hhpKonK7hx0wb19eiuRj16fPcPSVp0o/Y1ipJuNLYQ00R3q2Zs8FDA==",
        "dependencies": {
          "Serilog": "4.0.0"
        }
      },
      "Serilog.Sinks.File": {
        "type": "Transitive",
        "resolved": "7.0.0",
        "contentHash": "fKL7mXv7qaiNBUC71ssvn/dU0k9t0o45+qm2XgKAlSt19xF+ijjxyA3R6HmCgfKEKwfcfkwWjayuQtRueZFkYw==",
        "dependencies": {
          "Serilog": "4.2.0"
        }
      },
      "Serilog.Sinks.Seq": {
        "type": "Transitive",
        "resolved": "9.0.0",
        "contentHash": "aNU8A0K322q7+voPNmp1/qNPH+9QK8xvM1p72sMmCG0wGlshFzmtDW9QnVSoSYCj0MgQKcMOlgooovtBhRlNHw==",
        "dependencies": {
          "Serilog": "4.2.0",
          "Serilog.Sinks.File": "6.0.0"
        }
      },
      "Serilog.Sinks.TestCorrelator": {
        "type": "Transitive",
        "resolved": "4.0.0",
        "contentHash": "jGedEvMtohtUTmRix+P4aR7bsz9h+LqCIrF9oBPz90Q68r2pCeXkipWD3dvLopTFsNWSJDHlZpkosPy/xFUshg==",
        "dependencies": {
          "Serilog": "3.1.1",
          "System.Reactive": "6.0.1"
        }
      },
      "System.ComponentModel.Annotations": {
        "type": "Transitive",
        "resolved": "5.0.0",
        "contentHash": "dMkqfy2el8A8/I76n2Hi1oBFEbG1SfxD2l5nhwXV3XjlnOmwxJlQbYpJH4W51odnU9sARCSAgv7S3CyAFMkpYg=="
      },
      "System.Reactive": {
        "type": "Transitive",
        "resolved": "6.1.0",
        "contentHash": "M5cCC1ZMkZr9jbSQGTHnVkb5TDN67qWCV7AP8TAHdGkvDlu0puT5NzemESNn9+HkYIDpWpocP68/i+/ame2/2w=="
      },
      "Reaparr.Domain": {
        "type": "Project",
        "dependencies": {
          "ByteSize": "[2.1.2, )",
          "FastEndpoints": "[7.1.1, )",
          "JetBrains.Annotations": "[2025.2.4, )",
          "NaturalSort.Extension": "[4.4.1, )",
          "PasswordGenerator": "[2.1.0, )",
          "Reaparr.FluentResultExtensions": "[1.0.0, )",
          "System.ComponentModel.Annotations": "[5.0.0, )",
          "System.Reactive": "[6.1.0, )"
        }
      },
      "Reaparr.Environment": {
        "type": "Project",
        "dependencies": {
          "Serilog": "[4.3.0, )"
        }
      },
      "Reaparr.FluentResultExtensions": {
        "type": "Project",
        "dependencies": {
          "FluentResults": "[4.0.0, )",
          "FluentValidation": "[12.1.1, )",
          "Reaparr.Logging": "[1.0.0, )"
        }
      },
      "Reaparr.Logging": {
        "type": "Project",
        "dependencies": {
          "Autofac": "[9.0.0, )",
          "FluentResults": "[4.0.0, )",
          "Microsoft.AspNetCore.Http.Abstractions": "[2.3.9, )",
          "Reaparr.Environment": "[1.0.0, )",
          "Serilog": "[4.3.0, )",
          "Serilog.Enrichers.Sensitive": "[1.7.3, )",
          "Serilog.Expressions": "[5.0.0, )",
          "Serilog.Sinks.Console": "[6.1.1, )",
          "Serilog.Sinks.Console.LogThemes": "[0.4.0, )",
          "Serilog.Sinks.Debug": "[3.0.0, )",
          "Serilog.Sinks.File": "[7.0.0, )",
          "Serilog.Sinks.Seq": "[9.0.0, )",
          "Serilog.Sinks.TestCorrelator": "[4.0.0, )"
        }
      }
    }
  }
}