{
  "version": 1,
  "dependencies": {
    "net9.0": {
      "CSharpier.MsBuild": {
        "type": "Direct",
        "requested": "[1.1.1, )",
        "resolved": "1.1.1",
        "contentHash": "XXfwF9m9c/TSKsqOqZjn6aNAmzx/mkVcZfORpWfZVr/GJ8p5FhPlUhgh8bLHTcJ5rei63tQxlW0fG/l0nZk7IQ=="
      },
      "Autofac": {
        "type": "Transitive",
        "resolved": "8.4.0",
        "contentHash": "XMWHyO6fXTv8rwCfhm6+64mQS6CyL0rve/hWSODsUrVuEGtq1fjxSOlVTBqCRsW6L8K3OQDskJaPB1boVMI2eQ==",
        "dependencies": {
          "System.Diagnostics.DiagnosticSource": "8.0.1"
        }
      },
      "ByteSize": {
        "type": "Transitive",
        "resolved": "2.1.2",
        "contentHash": "dSiH9B0apNU5abV3OVUs3eTfHiidEAa8IMOLGW0eEl5tB8Ba1ngkGC7RT/RGy61ifGcPzCe7DMP78KB8pA5kNg=="
      },
      "FastEndpoints": {
        "type": "Transitive",
        "resolved": "7.0.1",
        "contentHash": "UOCLrptt8AQP3W969Q74LZ8XnGg64033TBw59DNC9e/mTCKyilofPWo9yWjiPnwtIru0k3+0QAXko+JDTjaOMA==",
        "dependencies": {
          "FastEndpoints.Attributes": "7.0.1",
          "FastEndpoints.Messaging.Core": "7.0.1",
          "FluentValidation": "12.0.0"
        }
      },
      "FastEndpoints.Attributes": {
        "type": "Transitive",
        "resolved": "7.0.1",
        "contentHash": "YPBP+5LuMWnSK/VEJfp1Ui8Jjehvx2LxZlylC9WIdHc/PfUfHTwP7j93haYNZt2RQElxM/fOYSi/MzOFC1d8/g==",
        "dependencies": {
          "Microsoft.Extensions.Primitives": "8.0.0"
        }
      },
      "FastEndpoints.Messaging.Core": {
        "type": "Transitive",
        "resolved": "7.0.1",
        "contentHash": "JqC1nc2D7w/Opc3rqXCrGr8qds1TRU386O7s2E+g+/D5Od2WhRsfTIQf+gvqVDXgKSTtvXnMpPQCdJnpPaqK9A=="
      },
      "FluentResults": {
        "type": "Transitive",
        "resolved": "4.0.0",
        "contentHash": "wKfdLvDnDVhXlSreU7u/NFNHH6EfoOhAloEID4ePAyk+ZliowKZJvX+aCL4hxhFc9Jj74t62amS4LyOYTjXGCg==",
        "dependencies": {
          "Microsoft.Extensions.Logging.Abstractions": "2.1.1",
          "System.Threading.Tasks.Extensions": "4.5.4"
        }
      },
      "FluentValidation": {
        "type": "Transitive",
        "resolved": "12.0.0",
        "contentHash": "8NVLxtMUXynRHJIX3Hn1ACovaqZIJASufXIIFkD0EUbcd5PmMsL1xUD5h548gCezJ5BzlITaR9CAMrGe29aWpA=="
      },
      "JetBrains.Annotations": {
        "type": "Transitive",
        "resolved": "2025.2.0",
        "contentHash": "2BvMkOSW+50EbQFhWFIPWTqmcDLiyyjwkMN7lN386bhP2vN/7ts5t59qu11HtenmHFxqDzaD8J1fFoh+QTOzVA=="
      },
      "Microsoft.Extensions.Logging.Abstractions": {
        "type": "Transitive",
        "resolved": "2.1.1",
        "contentHash": "XRzK7ZF+O6FzdfWrlFTi1Rgj2080ZDsd46vzOjadHUB0Cz5kOvDG8vI7caa5YFrsHQpcfn0DxtjS4E46N4FZsA=="
      },
      "Microsoft.Extensions.Primitives": {
        "type": "Transitive",
        "resolved": "8.0.0",
        "contentHash": "bXJEZrW9ny8vjMF1JV253WeLhpEVzFo1lyaZu1vQ4ZxWUlVvknZ/+ftFgVheLubb4eZPSwwxBeqS1JkCOjxd8g=="
      },
      "NaturalSort.Extension": {
        "type": "Transitive",
        "resolved": "4.3.0",
        "contentHash": "NGr3z/Izk16yxEcXKsopZvfYH8hh3iY7mmLJlT8iWVWBlidqGHeq2ykoy2JposrdM6aGvqjMfso9l0N8FzxAUw=="
      },
      "PasswordGenerator": {
        "type": "Transitive",
        "resolved": "2.1.0",
        "contentHash": "G70cCeAOYCk/uTuFw5PBGpYY9kmBZyzld7tphachvyU514PowMRDYyKwTefxIHNGWrhXY2d1DV5B1tDEnTtY3A=="
      },
      "Serilog": {
        "type": "Transitive",
        "resolved": "4.3.0",
        "contentHash": "+cDryFR0GRhsGOnZSKwaDzRRl4MupvJ42FhCE4zhQRVanX0Jpg6WuCBk59OVhVDPmab1bB+nRykAnykYELA9qQ=="
      },
      "Serilog.Enrichers.Sensitive": {
        "type": "Transitive",
        "resolved": "1.7.3",
        "contentHash": "U/38ICup0xDMDL8TjprLDCWI16MkQTPEJfWgPROFxtGjsBf+SW1W2fMfEhdiAYLGCTSFWNXmVGdVjU58Gyr0eQ=="
      },
      "Serilog.Sinks.Console": {
        "type": "Transitive",
        "resolved": "6.0.0",
        "contentHash": "fQGWqVMClCP2yEyTXPIinSr5c+CBGUvBybPxjAGcf7ctDhadFhrQw03Mv8rJ07/wR5PDfFjewf2LimvXCDzpbA==",
        "dependencies": {
          "Serilog": "4.0.0"
        }
      },
      "Serilog.Sinks.Console.LogThemes": {
        "type": "Transitive",
        "resolved": "0.3.0",
        "contentHash": "6r5wQsJp/9u3i9Boqy4FCn26ibfzI3Irijm+05yJ/63f9KFC5TCrw9erH25XNYJd2++AldpKpvLfH37+JpKL4g==",
        "dependencies": {
          "Serilog.Sinks.Console": "4.1.0"
        }
      },
      "Serilog.Sinks.Debug": {
        "type": "Transitive",
        "resolved": "3.0.0",
        "contentHash": "4BzXcdrgRX7wde9PmHuYd9U6YqycCC28hhpKonK7hx0wb19eiuRj16fPcPSVp0o/Y1ipJuNLYQ00R3q2Zs8FDA==",
        "dependencies": {
          "Serilog": "4.0.0"
        }
      },
      "Serilog.Sinks.File": {
        "type": "Transitive",
        "resolved": "7.0.0",
        "contentHash": "fKL7mXv7qaiNBUC71ssvn/dU0k9t0o45+qm2XgKAlSt19xF+ijjxyA3R6HmCgfKEKwfcfkwWjayuQtRueZFkYw==",
        "dependencies": {
          "Serilog": "4.2.0"
        }
      },
      "Serilog.Sinks.Seq": {
        "type": "Transitive",
        "resolved": "9.0.0",
        "contentHash": "aNU8A0K322q7+voPNmp1/qNPH+9QK8xvM1p72sMmCG0wGlshFzmtDW9QnVSoSYCj0MgQKcMOlgooovtBhRlNHw==",
        "dependencies": {
          "Serilog": "4.2.0",
          "Serilog.Sinks.File": "6.0.0"
        }
      },
      "Serilog.Sinks.TestCorrelator": {
        "type": "Transitive",
        "resolved": "4.0.0",
        "contentHash": "jGedEvMtohtUTmRix+P4aR7bsz9h+LqCIrF9oBPz90Q68r2pCeXkipWD3dvLopTFsNWSJDHlZpkosPy/xFUshg==",
        "dependencies": {
          "Serilog": "3.1.1",
          "System.Collections.Immutable": "8.0.0",
          "System.Reactive": "6.0.1"
        }
      },
      "System.Collections.Immutable": {
        "type": "Transitive",
        "resolved": "8.0.0",
        "contentHash": "AurL6Y5BA1WotzlEvVaIDpqzpIPvYnnldxru8oXJU2yFxFUy3+pNXjXd1ymO+RA0rq0+590Q8gaz2l3Sr7fmqg=="
      },
      "System.ComponentModel.Annotations": {
        "type": "Transitive",
        "resolved": "5.0.0",
        "contentHash": "dMkqfy2el8A8/I76n2Hi1oBFEbG1SfxD2l5nhwXV3XjlnOmwxJlQbYpJH4W51odnU9sARCSAgv7S3CyAFMkpYg=="
      },
      "System.Diagnostics.DiagnosticSource": {
        "type": "Transitive",
        "resolved": "8.0.1",
        "contentHash": "vaoWjvkG1aenR2XdjaVivlCV9fADfgyhW5bZtXT23qaEea0lWiUljdQuze4E31vKM7ZWJaSUsbYIKE3rnzfZUg=="
      },
      "System.Reactive": {
        "type": "Transitive",
        "resolved": "6.0.1",
        "contentHash": "rHaWtKDwCi9qJ3ObKo8LHPMuuwv33YbmQi7TcUK1C264V3MFnOr5Im7QgCTdLniztP3GJyeiSg5x8NqYJFqRmg=="
      },
      "System.Text.Json": {
        "type": "Transitive",
        "resolved": "9.0.8",
        "contentHash": "mIQir9jBqk0V7X0Nw5hzPJZC8DuGdf+2DS3jAVsr6rq5+/VyH5rza0XGcONJUWBrZ+G6BCwNyjWYd9lncBu48A=="
      },
      "System.Threading.Tasks.Extensions": {
        "type": "Transitive",
        "resolved": "4.5.4",
        "contentHash": "zteT+G8xuGu6mS+mzDzYXbzS7rd3K6Fjb9RiZlYlJPam2/hU7JCBZBVEcywNuR+oZ1ncTvc/cq0faRr3P01OVg=="
      },
      "Reaparr.Domain": {
        "type": "Project",
        "dependencies": {
          "ByteSize": "[2.1.2, )",
          "FastEndpoints": "[7.0.1, )",
          "JetBrains.Annotations": "[2025.2.0, )",
          "NaturalSort.Extension": "[4.3.0, )",
          "PasswordGenerator": "[2.1.0, )",
          "Reaparr.FluentResultExtensions": "[1.0.0, )",
          "System.ComponentModel.Annotations": "[5.0.0, )",
          "System.Reactive": "[6.0.1, )",
          "System.Text.Json": "[9.0.8, )"
        }
      },
      "Reaparr.Environment": {
        "type": "Project",
        "dependencies": {
          "Serilog": "[4.3.0, )"
        }
      },
      "Reaparr.FluentResultExtensions": {
        "type": "Project",
        "dependencies": {
          "FluentResults": "[4.0.0, )",
          "FluentValidation": "[12.0.0, )",
          "Reaparr.Logging": "[1.0.0, )"
        }
      },
      "Reaparr.Logging": {
        "type": "Project",
        "dependencies": {
          "Autofac": "[8.4.0, )",
          "FluentResults": "[4.0.0, )",
          "Reaparr.Environment": "[1.0.0, )",
          "Serilog": "[4.3.0, )",
          "Serilog.Enrichers.Sensitive": "[1.7.3, )",
          "Serilog.Sinks.Console": "[6.0.0, )",
          "Serilog.Sinks.Console.LogThemes": "[0.3.0, )",
          "Serilog.Sinks.Debug": "[3.0.0, )",
          "Serilog.Sinks.File": "[7.0.0, )",
          "Serilog.Sinks.Seq": "[9.0.0, )",
          "Serilog.Sinks.TestCorrelator": "[4.0.0, )"
        }
      }
    }
  }
}